// !$*UTF8*$!
{
	archiveVersion = 1;
	classes = {
	};
	objectVersion = 56;
	objects = {

/* Begin PBXBuildFile section */
		0209FB752C34ADA200CFB794 /* CacheCharacterDataUseCaseTests.swift in Sources */ = {isa = PBXBuildFile; fileRef = 0209FB742C34ADA200CFB794 /* CacheCharacterDataUseCaseTests.swift */; };
		0209FB792C34B0B700CFB794 /* CoreDataCharacterStoreTests.swift in Sources */ = {isa = PBXBuildFile; fileRef = 0209FB782C34B0B700CFB794 /* CoreDataCharacterStoreTests.swift */; };
		0209FB7B2C34B76000CFB794 /* CoreDataCharacterDataStoreTests.swift in Sources */ = {isa = PBXBuildFile; fileRef = 0209FB7A2C34B76000CFB794 /* CoreDataCharacterDataStoreTests.swift */; };
		0209FB7D2C34B96C00CFB794 /* CoreDataCharacterStore+CharacterImageDataStore.swift in Sources */ = {isa = PBXBuildFile; fileRef = 0209FB7C2C34B96C00CFB794 /* CoreDataCharacterStore+CharacterImageDataStore.swift */; };
		0209FB7F2C34C0D300CFB794 /* InMemoryCharacterStoreTests.swift in Sources */ = {isa = PBXBuildFile; fileRef = 0209FB7E2C34C0D300CFB794 /* InMemoryCharacterStoreTests.swift */; };
		0209FB812C34C12E00CFB794 /* InMemoryCharacterImageDataStoreTests.swift in Sources */ = {isa = PBXBuildFile; fileRef = 0209FB802C34C12E00CFB794 /* InMemoryCharacterImageDataStoreTests.swift */; };
		0209FB842C34C3F400CFB794 /* CharacterCacheIntegrationTests.swift in Sources */ = {isa = PBXBuildFile; fileRef = 0209FB832C34C3F400CFB794 /* CharacterCacheIntegrationTests.swift */; };
		021BD9E72C3368CB001A0D06 /* CharacterStore.xcdatamodeld in Sources */ = {isa = PBXBuildFile; fileRef = 021BD9E52C3368CB001A0D06 /* CharacterStore.xcdatamodeld */; };
		021BD9E92C336AC5001A0D06 /* ManagedThumbnail.swift in Sources */ = {isa = PBXBuildFile; fileRef = 021BD9E82C336AC5001A0D06 /* ManagedThumbnail.swift */; };
		021BD9ED2C337066001A0D06 /* CharacterStoreSpy.swift in Sources */ = {isa = PBXBuildFile; fileRef = 021BD9EC2C337066001A0D06 /* CharacterStoreSpy.swift */; };
		021BD9EF2C3370DB001A0D06 /* CharacterImageDataStoreSpy.swift in Sources */ = {isa = PBXBuildFile; fileRef = 021BD9EE2C3370DB001A0D06 /* CharacterImageDataStoreSpy.swift */; };
		021BD9F12C337140001A0D06 /* CharacterCacheTestHelpers.swift in Sources */ = {isa = PBXBuildFile; fileRef = 021BD9F02C337140001A0D06 /* CharacterCacheTestHelpers.swift */; };
		021BD9F42C337443001A0D06 /* CharacterStoreSpecs.swift in Sources */ = {isa = PBXBuildFile; fileRef = 021BD9F32C337443001A0D06 /* CharacterStoreSpecs.swift */; };
		021BD9F62C3376D7001A0D06 /* XCTestCase+CharacterStoreSpecs.swift in Sources */ = {isa = PBXBuildFile; fileRef = 021BD9F52C3376D7001A0D06 /* XCTestCase+CharacterStoreSpecs.swift */; };
		021BD9F82C337812001A0D06 /* XCTestCase+FailableRetrieveCharacterStoreSpecs.swift in Sources */ = {isa = PBXBuildFile; fileRef = 021BD9F72C337812001A0D06 /* XCTestCase+FailableRetrieveCharacterStoreSpecs.swift */; };
		021BD9FA2C337858001A0D06 /* XCTestCase+FailableInsertCharacterStoreSpecs.swift in Sources */ = {isa = PBXBuildFile; fileRef = 021BD9F92C337858001A0D06 /* XCTestCase+FailableInsertCharacterStoreSpecs.swift */; };
		021BD9FC2C3378A7001A0D06 /* XCTestCase+FailableDeleteCharacterStoreSpecs.swift in Sources */ = {isa = PBXBuildFile; fileRef = 021BD9FB2C3378A7001A0D06 /* XCTestCase+FailableDeleteCharacterStoreSpecs.swift */; };
		021BD9FF2C337937001A0D06 /* CharacterImageDataStoreSpecs.swift in Sources */ = {isa = PBXBuildFile; fileRef = 021BD9FE2C337937001A0D06 /* CharacterImageDataStoreSpecs.swift */; };
		021BDA012C3379A1001A0D06 /* XCTestCase+CharacterImageDataStoreSpecs.swift in Sources */ = {isa = PBXBuildFile; fileRef = 021BDA002C3379A1001A0D06 /* XCTestCase+CharacterImageDataStoreSpecs.swift */; };
		021BDA032C337A34001A0D06 /* CacheCharacterUseCaseTests.swift in Sources */ = {isa = PBXBuildFile; fileRef = 021BDA022C337A34001A0D06 /* CacheCharacterUseCaseTests.swift */; };
		021BDA052C337AE9001A0D06 /* LocalCharacterLoader.swift in Sources */ = {isa = PBXBuildFile; fileRef = 021BDA042C337AE9001A0D06 /* LocalCharacterLoader.swift */; };
		021BDA072C337C9C001A0D06 /* LoadCharacterFromCacheUseCaseTests.swift in Sources */ = {isa = PBXBuildFile; fileRef = 021BDA062C337C9C001A0D06 /* LoadCharacterFromCacheUseCaseTests.swift */; };
		021BDA092C337D31001A0D06 /* ValidateCharacterCacheUseCaseTests.swift in Sources */ = {isa = PBXBuildFile; fileRef = 021BDA082C337D31001A0D06 /* ValidateCharacterCacheUseCaseTests.swift */; };
		021BDA0B2C337DC1001A0D06 /* LoadCharacterImageDataFromCacheUseCaseTests.swift in Sources */ = {isa = PBXBuildFile; fileRef = 021BDA0A2C337DC1001A0D06 /* LoadCharacterImageDataFromCacheUseCaseTests.swift */; };
		02382E132C7241CC004D7B54 /* XCTests+Extensions.swift in Sources */ = {isa = PBXBuildFile; fileRef = 02382E122C7241CC004D7B54 /* XCTests+Extensions.swift */; };
		02382E152C724A6D004D7B54 /* UIControl+TestsHelpers.swift in Sources */ = {isa = PBXBuildFile; fileRef = 02382E142C724A6D004D7B54 /* UIControl+TestsHelpers.swift */; };
		02382E172C724A97004D7B54 /* UIRefreshControl+TestsHelpers.swift in Sources */ = {isa = PBXBuildFile; fileRef = 02382E162C724A97004D7B54 /* UIRefreshControl+TestsHelpers.swift */; };
		02382E192C724AD3004D7B54 /* FeedViewController+HelpersTests.swift in Sources */ = {isa = PBXBuildFile; fileRef = 02382E182C724AD3004D7B54 /* FeedViewController+HelpersTests.swift */; };
		02382E1C2C7261DF004D7B54 /* FeedViewController.swift in Sources */ = {isa = PBXBuildFile; fileRef = 02382E1B2C7261DF004D7B54 /* FeedViewController.swift */; };
		02382E202C726333004D7B54 /* ErrorView.swift in Sources */ = {isa = PBXBuildFile; fileRef = 02382E1F2C726333004D7B54 /* ErrorView.swift */; };
		02382E232C7263B4004D7B54 /* CharacterCell.swift in Sources */ = {isa = PBXBuildFile; fileRef = 02382E222C7263B4004D7B54 /* CharacterCell.swift */; };
		02382E252C726F4C004D7B54 /* CharacterCellViewModel.swift in Sources */ = {isa = PBXBuildFile; fileRef = 02382E242C726F4C004D7B54 /* CharacterCellViewModel.swift */; };
		02382E272C727316004D7B54 /* CharacterCellController.swift in Sources */ = {isa = PBXBuildFile; fileRef = 02382E262C727316004D7B54 /* CharacterCellController.swift */; };
		02382E2A2C72737C004D7B54 /* UITableView+Dequeing.swift in Sources */ = {isa = PBXBuildFile; fileRef = 02382E292C72737C004D7B54 /* UITableView+Dequeing.swift */; };
		02382E2E2C72759A004D7B54 /* UIImageView+Animations.swift in Sources */ = {isa = PBXBuildFile; fileRef = 02382E2B2C72759A004D7B54 /* UIImageView+Animations.swift */; };
		02382E2F2C72759A004D7B54 /* UITableView+HeaderSizing.swift in Sources */ = {isa = PBXBuildFile; fileRef = 02382E2C2C72759A004D7B54 /* UITableView+HeaderSizing.swift */; };
		02382E302C72759A004D7B54 /* UIView+Shimmering.swift in Sources */ = {isa = PBXBuildFile; fileRef = 02382E2D2C72759A004D7B54 /* UIView+Shimmering.swift */; };
		02382E332C727782004D7B54 /* Localized.swift in Sources */ = {isa = PBXBuildFile; fileRef = 02382E322C727782004D7B54 /* Localized.swift */; };
		02382E362C7278F6004D7B54 /* Localizable.strings in Resources */ = {isa = PBXBuildFile; fileRef = 02382E382C7278F7004D7B54 /* Localizable.strings */; };
		02382E3B2C727991004D7B54 /* FeedViewModel.swift in Sources */ = {isa = PBXBuildFile; fileRef = 02382E3A2C727991004D7B54 /* FeedViewModel.swift */; };
		02382E3D2C728172004D7B54 /* Localizable.swift in Sources */ = {isa = PBXBuildFile; fileRef = 02382E3C2C728172004D7B54 /* Localizable.swift */; };
		02382E3F2C7282BA004D7B54 /* UIButton+TestsHelpers.swift in Sources */ = {isa = PBXBuildFile; fileRef = 02382E3E2C7282BA004D7B54 /* UIButton+TestsHelpers.swift */; };
		02652F782C07E2BA00A8AB21 /* JSONResponseCharacters.swift in Sources */ = {isa = PBXBuildFile; fileRef = 02652F772C07E2BA00A8AB21 /* JSONResponseCharacters.swift */; };
		02652F7D2C08B32100A8AB21 /* Endpoints.swift in Sources */ = {isa = PBXBuildFile; fileRef = 02652F7C2C08B32100A8AB21 /* Endpoints.swift */; };
		02652F7F2C08B45200A8AB21 /* URLComponents+Extension.swift in Sources */ = {isa = PBXBuildFile; fileRef = 02652F7E2C08B45200A8AB21 /* URLComponents+Extension.swift */; };
		02652F812C08B95F00A8AB21 /* Data+Extension.swift in Sources */ = {isa = PBXBuildFile; fileRef = 02652F802C08B95F00A8AB21 /* Data+Extension.swift */; };
		02652F842C08BC1000A8AB21 /* Logger.swift in Sources */ = {isa = PBXBuildFile; fileRef = 02652F832C08BC1000A8AB21 /* Logger.swift */; };
		02652F862C08C16E00A8AB21 /* Thumbnail.swift in Sources */ = {isa = PBXBuildFile; fileRef = 02652F852C08C16E00A8AB21 /* Thumbnail.swift */; };
		02652F8B2C08E1B800A8AB21 /* RootResponse.swift in Sources */ = {isa = PBXBuildFile; fileRef = 02652F8A2C08E1B800A8AB21 /* RootResponse.swift */; };
		02652F8D2C08E1FD00A8AB21 /* CharacterResponse.swift in Sources */ = {isa = PBXBuildFile; fileRef = 02652F8C2C08E1FD00A8AB21 /* CharacterResponse.swift */; };
		02652F8F2C08E21C00A8AB21 /* ThumbnailResponse.swift in Sources */ = {isa = PBXBuildFile; fileRef = 02652F8E2C08E21C00A8AB21 /* ThumbnailResponse.swift */; };
		02652F912C08E44100A8AB21 /* NetworkError.swift in Sources */ = {isa = PBXBuildFile; fileRef = 02652F902C08E44100A8AB21 /* NetworkError.swift */; };
		02652F932C0903E600A8AB21 /* Publisher+Extension.swift in Sources */ = {isa = PBXBuildFile; fileRef = 02652F922C0903E600A8AB21 /* Publisher+Extension.swift */; };
		029857AC2C7232C400E3B73D /* CharacterLoader.swift in Sources */ = {isa = PBXBuildFile; fileRef = 029857AB2C7232C400E3B73D /* CharacterLoader.swift */; };
		029857AE2C7232F100E3B73D /* ImageDataLoader.swift in Sources */ = {isa = PBXBuildFile; fileRef = 029857AD2C7232F100E3B73D /* ImageDataLoader.swift */; };
		029857B02C72346D00E3B73D /* MarvelLoader.framework in Frameworks */ = {isa = PBXBuildFile; fileRef = 02BFD3EB2C0536E300B9234B /* MarvelLoader.framework */; };
		029857B12C72346D00E3B73D /* MarvelLoader.framework in Embed Frameworks */ = {isa = PBXBuildFile; fileRef = 02BFD3EB2C0536E300B9234B /* MarvelLoader.framework */; settings = {ATTRIBUTES = (CodeSignOnCopy, RemoveHeadersOnCopy, ); }; };
		02A4AFC02C2CCC06006DF492 /* LocalCharacter.swift in Sources */ = {isa = PBXBuildFile; fileRef = 02A4AFBF2C2CCC06006DF492 /* LocalCharacter.swift */; };
		02A4AFC22C2CCC38006DF492 /* LocalThumbnail.swift in Sources */ = {isa = PBXBuildFile; fileRef = 02A4AFC12C2CCC38006DF492 /* LocalThumbnail.swift */; };
		02A4AFC52C2CCCCB006DF492 /* CharacterStore.swift in Sources */ = {isa = PBXBuildFile; fileRef = 02A4AFC42C2CCCCB006DF492 /* CharacterStore.swift */; };
		02A4AFC72C2CCD0E006DF492 /* CharacterCachePolicy.swift in Sources */ = {isa = PBXBuildFile; fileRef = 02A4AFC62C2CCD0E006DF492 /* CharacterCachePolicy.swift */; };
		02A4AFCA2C2CCD98006DF492 /* LocalCharacterImageDataLoader.swift in Sources */ = {isa = PBXBuildFile; fileRef = 02A4AFC92C2CCD98006DF492 /* LocalCharacterImageDataLoader.swift */; };
		02A4AFCC2C2CCDC5006DF492 /* CharacterImageDataStore.swift in Sources */ = {isa = PBXBuildFile; fileRef = 02A4AFCB2C2CCDC5006DF492 /* CharacterImageDataStore.swift */; };
		02A4AFCF2C2CCE87006DF492 /* CharacterImageDataLoader.swift in Sources */ = {isa = PBXBuildFile; fileRef = 02A4AFCE2C2CCE87006DF492 /* CharacterImageDataLoader.swift */; };
		02A4AFD12C2CCEDB006DF492 /* CharacterDataImageCache.swift in Sources */ = {isa = PBXBuildFile; fileRef = 02A4AFD02C2CCEDB006DF492 /* CharacterDataImageCache.swift */; };
		02A4AFD32C2CCF5A006DF492 /* CharacterCache.swift in Sources */ = {isa = PBXBuildFile; fileRef = 02A4AFD22C2CCF5A006DF492 /* CharacterCache.swift */; };
		02A4AFD72C2CD023006DF492 /* InMemoryCharacterStore.swift in Sources */ = {isa = PBXBuildFile; fileRef = 02A4AFD62C2CD023006DF492 /* InMemoryCharacterStore.swift */; };
		02A4AFDA2C2CD207006DF492 /* CoreDataHelpers.swift in Sources */ = {isa = PBXBuildFile; fileRef = 02A4AFD92C2CD207006DF492 /* CoreDataHelpers.swift */; };
		02A4AFDC2C2CD23E006DF492 /* CoreDataCharacterStore.swift in Sources */ = {isa = PBXBuildFile; fileRef = 02A4AFDB2C2CD23E006DF492 /* CoreDataCharacterStore.swift */; };
		02A4AFDE2C2CD317006DF492 /* CoreDataCharacterStore+CharacterStore.swift in Sources */ = {isa = PBXBuildFile; fileRef = 02A4AFDD2C2CD317006DF492 /* CoreDataCharacterStore+CharacterStore.swift */; };
		02A4AFE32C2CD4ED006DF492 /* ManagedCache.swift in Sources */ = {isa = PBXBuildFile; fileRef = 02A4AFE22C2CD4ED006DF492 /* ManagedCache.swift */; };
		02A4AFE52C2CD6CA006DF492 /* ManagedCharacter.swift in Sources */ = {isa = PBXBuildFile; fileRef = 02A4AFE42C2CD6CA006DF492 /* ManagedCharacter.swift */; };
		02BFD3F42C0536E400B9234B /* MarvelLoader.framework in Frameworks */ = {isa = PBXBuildFile; fileRef = 02BFD3EB2C0536E300B9234B /* MarvelLoader.framework */; };
		02BFD3F92C0536E400B9234B /* HTTPClientRemoteCharactersEnd2EndTests.swift in Sources */ = {isa = PBXBuildFile; fileRef = 02BFD3F82C0536E400B9234B /* HTTPClientRemoteCharactersEnd2EndTests.swift */; };
		02BFD3FA2C0536E400B9234B /* MarvelLoader.h in Headers */ = {isa = PBXBuildFile; fileRef = 02BFD3EE2C0536E300B9234B /* MarvelLoader.h */; settings = {ATTRIBUTES = (Public, ); }; };
		02BFD4052C0537BB00B9234B /* HTTPClient.swift in Sources */ = {isa = PBXBuildFile; fileRef = 02BFD4042C0537BB00B9234B /* HTTPClient.swift */; };
		02BFD4072C053AE800B9234B /* HTTPClient+URLSessions.swift in Sources */ = {isa = PBXBuildFile; fileRef = 02BFD4062C053AE800B9234B /* HTTPClient+URLSessions.swift */; };
		02BFD40C2C053C2600B9234B /* Character.swift in Sources */ = {isa = PBXBuildFile; fileRef = 02BFD40B2C053C2600B9234B /* Character.swift */; };
		02BFD40F2C053E9300B9234B /* HTTPURLResponse+Extension.swift in Sources */ = {isa = PBXBuildFile; fileRef = 02BFD40E2C053E9300B9234B /* HTTPURLResponse+Extension.swift */; };
		02BFD4112C053F7C00B9234B /* CharactersMapper.swift in Sources */ = {isa = PBXBuildFile; fileRef = 02BFD4102C053F7C00B9234B /* CharactersMapper.swift */; };
		02BFD4132C0541C800B9234B /* CharactersEndpoint.swift in Sources */ = {isa = PBXBuildFile; fileRef = 02BFD4122C0541C800B9234B /* CharactersEndpoint.swift */; };
		02BFD4152C05437000B9234B /* Authorization.swift in Sources */ = {isa = PBXBuildFile; fileRef = 02BFD4142C05437000B9234B /* Authorization.swift */; };
		02BFD4172C05439600B9234B /* Int+Extension.swift in Sources */ = {isa = PBXBuildFile; fileRef = 02BFD4162C05439600B9234B /* Int+Extension.swift */; };
		02BFD4192C0543BB00B9234B /* Encrypt.swift in Sources */ = {isa = PBXBuildFile; fileRef = 02BFD4182C0543BB00B9234B /* Encrypt.swift */; };
		02BFD41C2C05458F00B9234B /* HTTPClient+Extension.swift in Sources */ = {isa = PBXBuildFile; fileRef = 02BFD41B2C05458F00B9234B /* HTTPClient+Extension.swift */; };
		02BFD41E2C0546ED00B9234B /* RemoteCharacterLoader.swift in Sources */ = {isa = PBXBuildFile; fileRef = 02BFD41D2C0546ED00B9234B /* RemoteCharacterLoader.swift */; };
		02BFD4222C054BB500B9234B /* XCTestCase+Extension.swift in Sources */ = {isa = PBXBuildFile; fileRef = 02BFD4212C054BB500B9234B /* XCTestCase+Extension.swift */; };
		02BFD4242C055F0A00B9234B /* URLProtocolStub.swift in Sources */ = {isa = PBXBuildFile; fileRef = 02BFD4232C055F0A00B9234B /* URLProtocolStub.swift */; };
		02BFD4272C055F4F00B9234B /* URLSessionHTTPClientTests.swift in Sources */ = {isa = PBXBuildFile; fileRef = 02BFD4262C055F4F00B9234B /* URLSessionHTTPClientTests.swift */; };
		02BFD4292C055F8900B9234B /* SharedHelpers.swift in Sources */ = {isa = PBXBuildFile; fileRef = 02BFD4282C055F8900B9234B /* SharedHelpers.swift */; };
		02BFD42C2C05600800B9234B /* CharactersMapperTests.swift in Sources */ = {isa = PBXBuildFile; fileRef = 02BFD42B2C05600800B9234B /* CharactersMapperTests.swift */; };
		02BFD42F2C05633D00B9234B /* CharactersEndpointTests.swift in Sources */ = {isa = PBXBuildFile; fileRef = 02BFD42E2C05633D00B9234B /* CharactersEndpointTests.swift */; };
		02BFD4312C05695800B9234B /* HTTPClientStub.swift in Sources */ = {isa = PBXBuildFile; fileRef = 02BFD4302C05695800B9234B /* HTTPClientStub.swift */; };
		02BFD4342C056A0B00B9234B /* RemoteCharactersLoaderImplTests.swift in Sources */ = {isa = PBXBuildFile; fileRef = 02BFD4332C056A0B00B9234B /* RemoteCharactersLoaderImplTests.swift */; };
		02CEB7DE2C67EEF000F91309 /* MarveliOSUiKit.framework in Frameworks */ = {isa = PBXBuildFile; fileRef = 02CEB7D62C67EEF000F91309 /* MarveliOSUiKit.framework */; };
		02CEB7E32C67EEF000F91309 /* FeedViewControllerTests.swift in Sources */ = {isa = PBXBuildFile; fileRef = 02CEB7E22C67EEF000F91309 /* FeedViewControllerTests.swift */; };
		02CEB7E42C67EEF000F91309 /* MarveliOSUiKit.h in Headers */ = {isa = PBXBuildFile; fileRef = 02CEB7D82C67EEF000F91309 /* MarveliOSUiKit.h */; settings = {ATTRIBUTES = (Public, ); }; };
/* End PBXBuildFile section */

/* Begin PBXContainerItemProxy section */
		029857B22C72346D00E3B73D /* PBXContainerItemProxy */ = {
			isa = PBXContainerItemProxy;
			containerPortal = 02BFD3E22C0536E300B9234B /* Project object */;
			proxyType = 1;
			remoteGlobalIDString = 02BFD3EA2C0536E300B9234B;
			remoteInfo = MarvelLoader;
		};
		02BFD3F52C0536E400B9234B /* PBXContainerItemProxy */ = {
			isa = PBXContainerItemProxy;
			containerPortal = 02BFD3E22C0536E300B9234B /* Project object */;
			proxyType = 1;
			remoteGlobalIDString = 02BFD3EA2C0536E300B9234B;
			remoteInfo = MarvelLoader;
		};
		02CEB7DF2C67EEF000F91309 /* PBXContainerItemProxy */ = {
			isa = PBXContainerItemProxy;
			containerPortal = 02BFD3E22C0536E300B9234B /* Project object */;
			proxyType = 1;
			remoteGlobalIDString = 02CEB7D52C67EEF000F91309;
			remoteInfo = MarveliOSUiKit;
		};
/* End PBXContainerItemProxy section */

/* Begin PBXCopyFilesBuildPhase section */
		029857B42C72346D00E3B73D /* Embed Frameworks */ = {
			isa = PBXCopyFilesBuildPhase;
			buildActionMask = 2147483647;
			dstPath = "";
			dstSubfolderSpec = 10;
			files = (
				029857B12C72346D00E3B73D /* MarvelLoader.framework in Embed Frameworks */,
			);
			name = "Embed Frameworks";
			runOnlyForDeploymentPostprocessing = 0;
		};
/* End PBXCopyFilesBuildPhase section */

/* Begin PBXFileReference section */
		0209FB742C34ADA200CFB794 /* CacheCharacterDataUseCaseTests.swift */ = {isa = PBXFileReference; lastKnownFileType = sourcecode.swift; path = CacheCharacterDataUseCaseTests.swift; sourceTree = "<group>"; };
		0209FB782C34B0B700CFB794 /* CoreDataCharacterStoreTests.swift */ = {isa = PBXFileReference; lastKnownFileType = sourcecode.swift; path = CoreDataCharacterStoreTests.swift; sourceTree = "<group>"; };
		0209FB7A2C34B76000CFB794 /* CoreDataCharacterDataStoreTests.swift */ = {isa = PBXFileReference; lastKnownFileType = sourcecode.swift; path = CoreDataCharacterDataStoreTests.swift; sourceTree = "<group>"; };
		0209FB7C2C34B96C00CFB794 /* CoreDataCharacterStore+CharacterImageDataStore.swift */ = {isa = PBXFileReference; lastKnownFileType = sourcecode.swift; path = "CoreDataCharacterStore+CharacterImageDataStore.swift"; sourceTree = "<group>"; };
		0209FB7E2C34C0D300CFB794 /* InMemoryCharacterStoreTests.swift */ = {isa = PBXFileReference; lastKnownFileType = sourcecode.swift; path = InMemoryCharacterStoreTests.swift; sourceTree = "<group>"; };
		0209FB802C34C12E00CFB794 /* InMemoryCharacterImageDataStoreTests.swift */ = {isa = PBXFileReference; lastKnownFileType = sourcecode.swift; path = InMemoryCharacterImageDataStoreTests.swift; sourceTree = "<group>"; };
		0209FB832C34C3F400CFB794 /* CharacterCacheIntegrationTests.swift */ = {isa = PBXFileReference; lastKnownFileType = sourcecode.swift; path = CharacterCacheIntegrationTests.swift; sourceTree = "<group>"; };
		021BD9E62C3368CB001A0D06 /* CharacterStore.xcdatamodel */ = {isa = PBXFileReference; lastKnownFileType = wrapper.xcdatamodel; path = CharacterStore.xcdatamodel; sourceTree = "<group>"; };
		021BD9E82C336AC5001A0D06 /* ManagedThumbnail.swift */ = {isa = PBXFileReference; lastKnownFileType = sourcecode.swift; path = ManagedThumbnail.swift; sourceTree = "<group>"; };
		021BD9EC2C337066001A0D06 /* CharacterStoreSpy.swift */ = {isa = PBXFileReference; lastKnownFileType = sourcecode.swift; path = CharacterStoreSpy.swift; sourceTree = "<group>"; };
		021BD9EE2C3370DB001A0D06 /* CharacterImageDataStoreSpy.swift */ = {isa = PBXFileReference; lastKnownFileType = sourcecode.swift; path = CharacterImageDataStoreSpy.swift; sourceTree = "<group>"; };
		021BD9F02C337140001A0D06 /* CharacterCacheTestHelpers.swift */ = {isa = PBXFileReference; lastKnownFileType = sourcecode.swift; path = CharacterCacheTestHelpers.swift; sourceTree = "<group>"; };
		021BD9F32C337443001A0D06 /* CharacterStoreSpecs.swift */ = {isa = PBXFileReference; lastKnownFileType = sourcecode.swift; path = CharacterStoreSpecs.swift; sourceTree = "<group>"; };
		021BD9F52C3376D7001A0D06 /* XCTestCase+CharacterStoreSpecs.swift */ = {isa = PBXFileReference; lastKnownFileType = sourcecode.swift; path = "XCTestCase+CharacterStoreSpecs.swift"; sourceTree = "<group>"; };
		021BD9F72C337812001A0D06 /* XCTestCase+FailableRetrieveCharacterStoreSpecs.swift */ = {isa = PBXFileReference; lastKnownFileType = sourcecode.swift; path = "XCTestCase+FailableRetrieveCharacterStoreSpecs.swift"; sourceTree = "<group>"; };
		021BD9F92C337858001A0D06 /* XCTestCase+FailableInsertCharacterStoreSpecs.swift */ = {isa = PBXFileReference; lastKnownFileType = sourcecode.swift; path = "XCTestCase+FailableInsertCharacterStoreSpecs.swift"; sourceTree = "<group>"; };
		021BD9FB2C3378A7001A0D06 /* XCTestCase+FailableDeleteCharacterStoreSpecs.swift */ = {isa = PBXFileReference; lastKnownFileType = sourcecode.swift; path = "XCTestCase+FailableDeleteCharacterStoreSpecs.swift"; sourceTree = "<group>"; };
		021BD9FE2C337937001A0D06 /* CharacterImageDataStoreSpecs.swift */ = {isa = PBXFileReference; lastKnownFileType = sourcecode.swift; path = CharacterImageDataStoreSpecs.swift; sourceTree = "<group>"; };
		021BDA002C3379A1001A0D06 /* XCTestCase+CharacterImageDataStoreSpecs.swift */ = {isa = PBXFileReference; lastKnownFileType = sourcecode.swift; path = "XCTestCase+CharacterImageDataStoreSpecs.swift"; sourceTree = "<group>"; };
		021BDA022C337A34001A0D06 /* CacheCharacterUseCaseTests.swift */ = {isa = PBXFileReference; lastKnownFileType = sourcecode.swift; path = CacheCharacterUseCaseTests.swift; sourceTree = "<group>"; };
		021BDA042C337AE9001A0D06 /* LocalCharacterLoader.swift */ = {isa = PBXFileReference; lastKnownFileType = sourcecode.swift; path = LocalCharacterLoader.swift; sourceTree = "<group>"; };
		021BDA062C337C9C001A0D06 /* LoadCharacterFromCacheUseCaseTests.swift */ = {isa = PBXFileReference; lastKnownFileType = sourcecode.swift; path = LoadCharacterFromCacheUseCaseTests.swift; sourceTree = "<group>"; };
		021BDA082C337D31001A0D06 /* ValidateCharacterCacheUseCaseTests.swift */ = {isa = PBXFileReference; lastKnownFileType = sourcecode.swift; path = ValidateCharacterCacheUseCaseTests.swift; sourceTree = "<group>"; };
		021BDA0A2C337DC1001A0D06 /* LoadCharacterImageDataFromCacheUseCaseTests.swift */ = {isa = PBXFileReference; lastKnownFileType = sourcecode.swift; path = LoadCharacterImageDataFromCacheUseCaseTests.swift; sourceTree = "<group>"; };
		02382E102C723EFE004D7B54 /* MarveliOSUiKit.xctestplan */ = {isa = PBXFileReference; lastKnownFileType = file; name = MarveliOSUiKit.xctestplan; path = TestsPlan/MarveliOSUiKit.xctestplan; sourceTree = SOURCE_ROOT; };
		02382E122C7241CC004D7B54 /* XCTests+Extensions.swift */ = {isa = PBXFileReference; lastKnownFileType = sourcecode.swift; path = "XCTests+Extensions.swift"; sourceTree = "<group>"; };
		02382E142C724A6D004D7B54 /* UIControl+TestsHelpers.swift */ = {isa = PBXFileReference; lastKnownFileType = sourcecode.swift; path = "UIControl+TestsHelpers.swift"; sourceTree = "<group>"; };
		02382E162C724A97004D7B54 /* UIRefreshControl+TestsHelpers.swift */ = {isa = PBXFileReference; lastKnownFileType = sourcecode.swift; path = "UIRefreshControl+TestsHelpers.swift"; sourceTree = "<group>"; };
		02382E182C724AD3004D7B54 /* FeedViewController+HelpersTests.swift */ = {isa = PBXFileReference; lastKnownFileType = sourcecode.swift; path = "FeedViewController+HelpersTests.swift"; sourceTree = "<group>"; };
		02382E1B2C7261DF004D7B54 /* FeedViewController.swift */ = {isa = PBXFileReference; lastKnownFileType = sourcecode.swift; path = FeedViewController.swift; sourceTree = "<group>"; };
		02382E1F2C726333004D7B54 /* ErrorView.swift */ = {isa = PBXFileReference; lastKnownFileType = sourcecode.swift; path = ErrorView.swift; sourceTree = "<group>"; };
		02382E222C7263B4004D7B54 /* CharacterCell.swift */ = {isa = PBXFileReference; lastKnownFileType = sourcecode.swift; path = CharacterCell.swift; sourceTree = "<group>"; };
		02382E242C726F4C004D7B54 /* CharacterCellViewModel.swift */ = {isa = PBXFileReference; lastKnownFileType = sourcecode.swift; path = CharacterCellViewModel.swift; sourceTree = "<group>"; };
		02382E262C727316004D7B54 /* CharacterCellController.swift */ = {isa = PBXFileReference; lastKnownFileType = sourcecode.swift; path = CharacterCellController.swift; sourceTree = "<group>"; };
		02382E292C72737C004D7B54 /* UITableView+Dequeing.swift */ = {isa = PBXFileReference; lastKnownFileType = sourcecode.swift; path = "UITableView+Dequeing.swift"; sourceTree = "<group>"; };
		02382E2B2C72759A004D7B54 /* UIImageView+Animations.swift */ = {isa = PBXFileReference; fileEncoding = 4; lastKnownFileType = sourcecode.swift; path = "UIImageView+Animations.swift"; sourceTree = "<group>"; };
		02382E2C2C72759A004D7B54 /* UITableView+HeaderSizing.swift */ = {isa = PBXFileReference; fileEncoding = 4; lastKnownFileType = sourcecode.swift; path = "UITableView+HeaderSizing.swift"; sourceTree = "<group>"; };
		02382E2D2C72759A004D7B54 /* UIView+Shimmering.swift */ = {isa = PBXFileReference; fileEncoding = 4; lastKnownFileType = sourcecode.swift; path = "UIView+Shimmering.swift"; sourceTree = "<group>"; };
		02382E322C727782004D7B54 /* Localized.swift */ = {isa = PBXFileReference; lastKnownFileType = sourcecode.swift; path = Localized.swift; sourceTree = "<group>"; };
		02382E372C7278F7004D7B54 /* en */ = {isa = PBXFileReference; lastKnownFileType = text.plist.strings; name = en; path = en.lproj/Localizable.strings; sourceTree = "<group>"; };
		02382E392C7278F9004D7B54 /* pt-BR */ = {isa = PBXFileReference; lastKnownFileType = text.plist.strings; name = "pt-BR"; path = "pt-BR.lproj/Localizable.strings"; sourceTree = "<group>"; };
		02382E3A2C727991004D7B54 /* FeedViewModel.swift */ = {isa = PBXFileReference; lastKnownFileType = sourcecode.swift; path = FeedViewModel.swift; sourceTree = "<group>"; };
		02382E3C2C728172004D7B54 /* Localizable.swift */ = {isa = PBXFileReference; lastKnownFileType = sourcecode.swift; path = Localizable.swift; sourceTree = "<group>"; };
		02382E3E2C7282BA004D7B54 /* UIButton+TestsHelpers.swift */ = {isa = PBXFileReference; lastKnownFileType = sourcecode.swift; path = "UIButton+TestsHelpers.swift"; sourceTree = "<group>"; };
		02652F772C07E2BA00A8AB21 /* JSONResponseCharacters.swift */ = {isa = PBXFileReference; lastKnownFileType = sourcecode.swift; path = JSONResponseCharacters.swift; sourceTree = "<group>"; };
		02652F7C2C08B32100A8AB21 /* Endpoints.swift */ = {isa = PBXFileReference; lastKnownFileType = sourcecode.swift; path = Endpoints.swift; sourceTree = "<group>"; };
		02652F7E2C08B45200A8AB21 /* URLComponents+Extension.swift */ = {isa = PBXFileReference; lastKnownFileType = sourcecode.swift; path = "URLComponents+Extension.swift"; sourceTree = "<group>"; };
		02652F802C08B95F00A8AB21 /* Data+Extension.swift */ = {isa = PBXFileReference; lastKnownFileType = sourcecode.swift; path = "Data+Extension.swift"; sourceTree = "<group>"; };
		02652F832C08BC1000A8AB21 /* Logger.swift */ = {isa = PBXFileReference; lastKnownFileType = sourcecode.swift; path = Logger.swift; sourceTree = "<group>"; };
		02652F852C08C16E00A8AB21 /* Thumbnail.swift */ = {isa = PBXFileReference; lastKnownFileType = sourcecode.swift; path = Thumbnail.swift; sourceTree = "<group>"; };
		02652F8A2C08E1B800A8AB21 /* RootResponse.swift */ = {isa = PBXFileReference; lastKnownFileType = sourcecode.swift; path = RootResponse.swift; sourceTree = "<group>"; };
		02652F8C2C08E1FD00A8AB21 /* CharacterResponse.swift */ = {isa = PBXFileReference; lastKnownFileType = sourcecode.swift; path = CharacterResponse.swift; sourceTree = "<group>"; };
		02652F8E2C08E21C00A8AB21 /* ThumbnailResponse.swift */ = {isa = PBXFileReference; lastKnownFileType = sourcecode.swift; path = ThumbnailResponse.swift; sourceTree = "<group>"; };
		02652F902C08E44100A8AB21 /* NetworkError.swift */ = {isa = PBXFileReference; lastKnownFileType = sourcecode.swift; path = NetworkError.swift; sourceTree = "<group>"; };
		02652F922C0903E600A8AB21 /* Publisher+Extension.swift */ = {isa = PBXFileReference; lastKnownFileType = sourcecode.swift; path = "Publisher+Extension.swift"; sourceTree = "<group>"; };
		029857AB2C7232C400E3B73D /* CharacterLoader.swift */ = {isa = PBXFileReference; lastKnownFileType = sourcecode.swift; path = CharacterLoader.swift; sourceTree = "<group>"; };
		029857AD2C7232F100E3B73D /* ImageDataLoader.swift */ = {isa = PBXFileReference; lastKnownFileType = sourcecode.swift; path = ImageDataLoader.swift; sourceTree = "<group>"; };
		02A4AFBF2C2CCC06006DF492 /* LocalCharacter.swift */ = {isa = PBXFileReference; lastKnownFileType = sourcecode.swift; path = LocalCharacter.swift; sourceTree = "<group>"; };
		02A4AFC12C2CCC38006DF492 /* LocalThumbnail.swift */ = {isa = PBXFileReference; lastKnownFileType = sourcecode.swift; path = LocalThumbnail.swift; sourceTree = "<group>"; };
		02A4AFC42C2CCCCB006DF492 /* CharacterStore.swift */ = {isa = PBXFileReference; lastKnownFileType = sourcecode.swift; path = CharacterStore.swift; sourceTree = "<group>"; };
		02A4AFC62C2CCD0E006DF492 /* CharacterCachePolicy.swift */ = {isa = PBXFileReference; lastKnownFileType = sourcecode.swift; path = CharacterCachePolicy.swift; sourceTree = "<group>"; };
		02A4AFC92C2CCD98006DF492 /* LocalCharacterImageDataLoader.swift */ = {isa = PBXFileReference; lastKnownFileType = sourcecode.swift; path = LocalCharacterImageDataLoader.swift; sourceTree = "<group>"; };
		02A4AFCB2C2CCDC5006DF492 /* CharacterImageDataStore.swift */ = {isa = PBXFileReference; lastKnownFileType = sourcecode.swift; path = CharacterImageDataStore.swift; sourceTree = "<group>"; };
		02A4AFCE2C2CCE87006DF492 /* CharacterImageDataLoader.swift */ = {isa = PBXFileReference; lastKnownFileType = sourcecode.swift; path = CharacterImageDataLoader.swift; sourceTree = "<group>"; };
		02A4AFD02C2CCEDB006DF492 /* CharacterDataImageCache.swift */ = {isa = PBXFileReference; lastKnownFileType = sourcecode.swift; path = CharacterDataImageCache.swift; sourceTree = "<group>"; };
		02A4AFD22C2CCF5A006DF492 /* CharacterCache.swift */ = {isa = PBXFileReference; lastKnownFileType = sourcecode.swift; path = CharacterCache.swift; sourceTree = "<group>"; };
		02A4AFD62C2CD023006DF492 /* InMemoryCharacterStore.swift */ = {isa = PBXFileReference; lastKnownFileType = sourcecode.swift; path = InMemoryCharacterStore.swift; sourceTree = "<group>"; };
		02A4AFD92C2CD207006DF492 /* CoreDataHelpers.swift */ = {isa = PBXFileReference; lastKnownFileType = sourcecode.swift; path = CoreDataHelpers.swift; sourceTree = "<group>"; };
		02A4AFDB2C2CD23E006DF492 /* CoreDataCharacterStore.swift */ = {isa = PBXFileReference; lastKnownFileType = sourcecode.swift; path = CoreDataCharacterStore.swift; sourceTree = "<group>"; };
		02A4AFDD2C2CD317006DF492 /* CoreDataCharacterStore+CharacterStore.swift */ = {isa = PBXFileReference; lastKnownFileType = sourcecode.swift; path = "CoreDataCharacterStore+CharacterStore.swift"; sourceTree = "<group>"; };
		02A4AFE22C2CD4ED006DF492 /* ManagedCache.swift */ = {isa = PBXFileReference; lastKnownFileType = sourcecode.swift; path = ManagedCache.swift; sourceTree = "<group>"; };
		02A4AFE42C2CD6CA006DF492 /* ManagedCharacter.swift */ = {isa = PBXFileReference; lastKnownFileType = sourcecode.swift; path = ManagedCharacter.swift; sourceTree = "<group>"; };
		02BFD3EB2C0536E300B9234B /* MarvelLoader.framework */ = {isa = PBXFileReference; explicitFileType = wrapper.framework; includeInIndex = 0; path = MarvelLoader.framework; sourceTree = BUILT_PRODUCTS_DIR; };
		02BFD3EE2C0536E300B9234B /* MarvelLoader.h */ = {isa = PBXFileReference; lastKnownFileType = sourcecode.c.h; path = MarvelLoader.h; sourceTree = "<group>"; };
		02BFD3F32C0536E400B9234B /* MarvelLoaderTests.xctest */ = {isa = PBXFileReference; explicitFileType = wrapper.cfbundle; includeInIndex = 0; path = MarvelLoaderTests.xctest; sourceTree = BUILT_PRODUCTS_DIR; };
		02BFD3F82C0536E400B9234B /* HTTPClientRemoteCharactersEnd2EndTests.swift */ = {isa = PBXFileReference; lastKnownFileType = sourcecode.swift; path = HTTPClientRemoteCharactersEnd2EndTests.swift; sourceTree = "<group>"; };
		02BFD4042C0537BB00B9234B /* HTTPClient.swift */ = {isa = PBXFileReference; lastKnownFileType = sourcecode.swift; path = HTTPClient.swift; sourceTree = "<group>"; };
		02BFD4062C053AE800B9234B /* HTTPClient+URLSessions.swift */ = {isa = PBXFileReference; lastKnownFileType = sourcecode.swift; path = "HTTPClient+URLSessions.swift"; sourceTree = "<group>"; };
		02BFD40B2C053C2600B9234B /* Character.swift */ = {isa = PBXFileReference; lastKnownFileType = sourcecode.swift; path = Character.swift; sourceTree = "<group>"; };
		02BFD40E2C053E9300B9234B /* HTTPURLResponse+Extension.swift */ = {isa = PBXFileReference; lastKnownFileType = sourcecode.swift; path = "HTTPURLResponse+Extension.swift"; sourceTree = "<group>"; };
		02BFD4102C053F7C00B9234B /* CharactersMapper.swift */ = {isa = PBXFileReference; lastKnownFileType = sourcecode.swift; path = CharactersMapper.swift; sourceTree = "<group>"; };
		02BFD4122C0541C800B9234B /* CharactersEndpoint.swift */ = {isa = PBXFileReference; lastKnownFileType = sourcecode.swift; path = CharactersEndpoint.swift; sourceTree = "<group>"; };
		02BFD4142C05437000B9234B /* Authorization.swift */ = {isa = PBXFileReference; lastKnownFileType = sourcecode.swift; path = Authorization.swift; sourceTree = "<group>"; };
		02BFD4162C05439600B9234B /* Int+Extension.swift */ = {isa = PBXFileReference; lastKnownFileType = sourcecode.swift; path = "Int+Extension.swift"; sourceTree = "<group>"; };
		02BFD4182C0543BB00B9234B /* Encrypt.swift */ = {isa = PBXFileReference; lastKnownFileType = sourcecode.swift; path = Encrypt.swift; sourceTree = "<group>"; };
		02BFD41B2C05458F00B9234B /* HTTPClient+Extension.swift */ = {isa = PBXFileReference; lastKnownFileType = sourcecode.swift; path = "HTTPClient+Extension.swift"; sourceTree = "<group>"; };
		02BFD41D2C0546ED00B9234B /* RemoteCharacterLoader.swift */ = {isa = PBXFileReference; lastKnownFileType = sourcecode.swift; path = RemoteCharacterLoader.swift; sourceTree = "<group>"; };
		02BFD4212C054BB500B9234B /* XCTestCase+Extension.swift */ = {isa = PBXFileReference; lastKnownFileType = sourcecode.swift; path = "XCTestCase+Extension.swift"; sourceTree = "<group>"; };
		02BFD4232C055F0A00B9234B /* URLProtocolStub.swift */ = {isa = PBXFileReference; lastKnownFileType = sourcecode.swift; path = URLProtocolStub.swift; sourceTree = "<group>"; };
		02BFD4262C055F4F00B9234B /* URLSessionHTTPClientTests.swift */ = {isa = PBXFileReference; lastKnownFileType = sourcecode.swift; path = URLSessionHTTPClientTests.swift; sourceTree = "<group>"; };
		02BFD4282C055F8900B9234B /* SharedHelpers.swift */ = {isa = PBXFileReference; lastKnownFileType = sourcecode.swift; path = SharedHelpers.swift; sourceTree = "<group>"; };
		02BFD42B2C05600800B9234B /* CharactersMapperTests.swift */ = {isa = PBXFileReference; lastKnownFileType = sourcecode.swift; path = CharactersMapperTests.swift; sourceTree = "<group>"; };
		02BFD42E2C05633D00B9234B /* CharactersEndpointTests.swift */ = {isa = PBXFileReference; lastKnownFileType = sourcecode.swift; path = CharactersEndpointTests.swift; sourceTree = "<group>"; };
		02BFD4302C05695800B9234B /* HTTPClientStub.swift */ = {isa = PBXFileReference; lastKnownFileType = sourcecode.swift; path = HTTPClientStub.swift; sourceTree = "<group>"; };
		02BFD4332C056A0B00B9234B /* RemoteCharactersLoaderImplTests.swift */ = {isa = PBXFileReference; lastKnownFileType = sourcecode.swift; path = RemoteCharactersLoaderImplTests.swift; sourceTree = "<group>"; };
		02CEB7D62C67EEF000F91309 /* MarveliOSUiKit.framework */ = {isa = PBXFileReference; explicitFileType = wrapper.framework; includeInIndex = 0; path = MarveliOSUiKit.framework; sourceTree = BUILT_PRODUCTS_DIR; };
		02CEB7D82C67EEF000F91309 /* MarveliOSUiKit.h */ = {isa = PBXFileReference; lastKnownFileType = sourcecode.c.h; path = MarveliOSUiKit.h; sourceTree = "<group>"; };
		02CEB7DD2C67EEF000F91309 /* MarveliOSUiKitTests.xctest */ = {isa = PBXFileReference; explicitFileType = wrapper.cfbundle; includeInIndex = 0; path = MarveliOSUiKitTests.xctest; sourceTree = BUILT_PRODUCTS_DIR; };
		02CEB7E22C67EEF000F91309 /* FeedViewControllerTests.swift */ = {isa = PBXFileReference; lastKnownFileType = sourcecode.swift; path = FeedViewControllerTests.swift; sourceTree = "<group>"; };
/* End PBXFileReference section */

/* Begin PBXFrameworksBuildPhase section */
		02BFD3E82C0536E300B9234B /* Frameworks */ = {
			isa = PBXFrameworksBuildPhase;
			buildActionMask = 2147483647;
			files = (
			);
			runOnlyForDeploymentPostprocessing = 0;
		};
		02BFD3F02C0536E400B9234B /* Frameworks */ = {
			isa = PBXFrameworksBuildPhase;
			buildActionMask = 2147483647;
			files = (
				02BFD3F42C0536E400B9234B /* MarvelLoader.framework in Frameworks */,
			);
			runOnlyForDeploymentPostprocessing = 0;
		};
		02CEB7D32C67EEF000F91309 /* Frameworks */ = {
			isa = PBXFrameworksBuildPhase;
			buildActionMask = 2147483647;
			files = (
				029857B02C72346D00E3B73D /* MarvelLoader.framework in Frameworks */,
			);
			runOnlyForDeploymentPostprocessing = 0;
		};
		02CEB7DA2C67EEF000F91309 /* Frameworks */ = {
			isa = PBXFrameworksBuildPhase;
			buildActionMask = 2147483647;
			files = (
				02CEB7DE2C67EEF000F91309 /* MarveliOSUiKit.framework in Frameworks */,
			);
			runOnlyForDeploymentPostprocessing = 0;
		};
/* End PBXFrameworksBuildPhase section */

/* Begin PBXGroup section */
		0209FB822C34C3CC00CFB794 /* Integration */ = {
			isa = PBXGroup;
			children = (
				0209FB832C34C3F400CFB794 /* CharacterCacheIntegrationTests.swift */,
			);
			path = Integration;
			sourceTree = "<group>";
		};
		021BD9EA2C33703F001A0D06 /* Cache */ = {
			isa = PBXGroup;
			children = (
				0209FB822C34C3CC00CFB794 /* Integration */,
				021BD9FD2C337915001A0D06 /* CharacterImageDataStoreSpecs */,
				021BD9F22C337429001A0D06 /* CharacterStoreSpecs */,
				021BD9EB2C337047001A0D06 /* Helpers */,
				021BDA022C337A34001A0D06 /* CacheCharacterUseCaseTests.swift */,
				021BDA062C337C9C001A0D06 /* LoadCharacterFromCacheUseCaseTests.swift */,
				021BDA082C337D31001A0D06 /* ValidateCharacterCacheUseCaseTests.swift */,
				021BDA0A2C337DC1001A0D06 /* LoadCharacterImageDataFromCacheUseCaseTests.swift */,
				0209FB742C34ADA200CFB794 /* CacheCharacterDataUseCaseTests.swift */,
				0209FB782C34B0B700CFB794 /* CoreDataCharacterStoreTests.swift */,
				0209FB7A2C34B76000CFB794 /* CoreDataCharacterDataStoreTests.swift */,
				0209FB7E2C34C0D300CFB794 /* InMemoryCharacterStoreTests.swift */,
				0209FB802C34C12E00CFB794 /* InMemoryCharacterImageDataStoreTests.swift */,
			);
			path = Cache;
			sourceTree = "<group>";
		};
		021BD9EB2C337047001A0D06 /* Helpers */ = {
			isa = PBXGroup;
			children = (
				021BD9EC2C337066001A0D06 /* CharacterStoreSpy.swift */,
				021BD9EE2C3370DB001A0D06 /* CharacterImageDataStoreSpy.swift */,
				021BD9F02C337140001A0D06 /* CharacterCacheTestHelpers.swift */,
			);
			path = Helpers;
			sourceTree = "<group>";
		};
		021BD9F22C337429001A0D06 /* CharacterStoreSpecs */ = {
			isa = PBXGroup;
			children = (
				021BD9F32C337443001A0D06 /* CharacterStoreSpecs.swift */,
				021BD9F52C3376D7001A0D06 /* XCTestCase+CharacterStoreSpecs.swift */,
				021BD9F72C337812001A0D06 /* XCTestCase+FailableRetrieveCharacterStoreSpecs.swift */,
				021BD9F92C337858001A0D06 /* XCTestCase+FailableInsertCharacterStoreSpecs.swift */,
				021BD9FB2C3378A7001A0D06 /* XCTestCase+FailableDeleteCharacterStoreSpecs.swift */,
			);
			path = CharacterStoreSpecs;
			sourceTree = "<group>";
		};
		021BD9FD2C337915001A0D06 /* CharacterImageDataStoreSpecs */ = {
			isa = PBXGroup;
			children = (
				021BD9FE2C337937001A0D06 /* CharacterImageDataStoreSpecs.swift */,
				021BDA002C3379A1001A0D06 /* XCTestCase+CharacterImageDataStoreSpecs.swift */,
			);
			path = CharacterImageDataStoreSpecs;
			sourceTree = "<group>";
		};
		02382E112C724198004D7B54 /* Helpers */ = {
			isa = PBXGroup;
			children = (
				02382E122C7241CC004D7B54 /* XCTests+Extensions.swift */,
				02382E142C724A6D004D7B54 /* UIControl+TestsHelpers.swift */,
				02382E162C724A97004D7B54 /* UIRefreshControl+TestsHelpers.swift */,
				02382E182C724AD3004D7B54 /* FeedViewController+HelpersTests.swift */,
				02382E3C2C728172004D7B54 /* Localizable.swift */,
				02382E3E2C7282BA004D7B54 /* UIButton+TestsHelpers.swift */,
			);
			path = Helpers;
			sourceTree = "<group>";
		};
		02382E1A2C7261BE004D7B54 /* ViewControllers */ = {
			isa = PBXGroup;
			children = (
				02382E1B2C7261DF004D7B54 /* FeedViewController.swift */,
				02382E3A2C727991004D7B54 /* FeedViewModel.swift */,
			);
			path = ViewControllers;
			sourceTree = "<group>";
		};
		02382E1D2C726317004D7B54 /* Views */ = {
			isa = PBXGroup;
			children = (
				02382E282C72736A004D7B54 /* Helpers */,
				02382E212C726389004D7B54 /* CharacterCell */,
				02382E1E2C726324004D7B54 /* ErrorView */,
			);
			path = Views;
			sourceTree = "<group>";
		};
		02382E1E2C726324004D7B54 /* ErrorView */ = {
			isa = PBXGroup;
			children = (
				02382E1F2C726333004D7B54 /* ErrorView.swift */,
			);
			path = ErrorView;
			sourceTree = "<group>";
		};
		02382E212C726389004D7B54 /* CharacterCell */ = {
			isa = PBXGroup;
			children = (
				02382E222C7263B4004D7B54 /* CharacterCell.swift */,
				02382E242C726F4C004D7B54 /* CharacterCellViewModel.swift */,
				02382E262C727316004D7B54 /* CharacterCellController.swift */,
			);
			path = CharacterCell;
			sourceTree = "<group>";
		};
		02382E282C72736A004D7B54 /* Helpers */ = {
			isa = PBXGroup;
			children = (
				02382E292C72737C004D7B54 /* UITableView+Dequeing.swift */,
				02382E2B2C72759A004D7B54 /* UIImageView+Animations.swift */,
				02382E2C2C72759A004D7B54 /* UITableView+HeaderSizing.swift */,
				02382E2D2C72759A004D7B54 /* UIView+Shimmering.swift */,
			);
			path = Helpers;
			sourceTree = "<group>";
		};
		02382E312C727772004D7B54 /* Strings */ = {
			isa = PBXGroup;
			children = (
				02382E322C727782004D7B54 /* Localized.swift */,
				02382E382C7278F7004D7B54 /* Localizable.strings */,
			);
			path = Strings;
			sourceTree = "<group>";
		};
		02652F7B2C08B30900A8AB21 /* Endpoints */ = {
			isa = PBXGroup;
			children = (
				02652F7C2C08B32100A8AB21 /* Endpoints.swift */,
			);
			path = Endpoints;
			sourceTree = "<group>";
		};
		02652F822C08BC0200A8AB21 /* Logger */ = {
			isa = PBXGroup;
			children = (
				02652F832C08BC1000A8AB21 /* Logger.swift */,
			);
			path = Logger;
			sourceTree = "<group>";
		};
		02652F892C08E19D00A8AB21 /* Response Model */ = {
			isa = PBXGroup;
			children = (
				02652F8A2C08E1B800A8AB21 /* RootResponse.swift */,
				02652F8C2C08E1FD00A8AB21 /* CharacterResponse.swift */,
				02652F8E2C08E21C00A8AB21 /* ThumbnailResponse.swift */,
			);
			path = "Response Model";
			sourceTree = "<group>";
		};
		029857AF2C72346D00E3B73D /* Frameworks */ = {
			isa = PBXGroup;
			children = (
			);
			name = Frameworks;
			sourceTree = "<group>";
		};
		029857B72C723D0300E3B73D /* TestsPlan */ = {
			isa = PBXGroup;
			children = (
			);
			path = TestsPlan;
			sourceTree = "<group>";
		};
		02A4AFC32C2CCC8B006DF492 /* Domain */ = {
			isa = PBXGroup;
			children = (
				02A4AFBF2C2CCC06006DF492 /* LocalCharacter.swift */,
				02A4AFC12C2CCC38006DF492 /* LocalThumbnail.swift */,
			);
			path = Domain;
			sourceTree = "<group>";
		};
		02A4AFC82C2CCD30006DF492 /* API */ = {
			isa = PBXGroup;
			children = (
				02BFD4322C0569ED00B9234B /* RemoteLoaders */,
				02BFD42D2C05631000B9234B /* Endpoints */,
				02BFD42A2C055FF800B9234B /* Mappers */,
				02BFD4252C055F3C00B9234B /* URLSessions */,
				02BFD4202C054BA300B9234B /* Helpers */,
				02BFD41F2C054B7300B9234B /* End2End */,
			);
			path = API;
			sourceTree = "<group>";
		};
		02A4AFCD2C2CCE4C006DF492 /* Feature */ = {
			isa = PBXGroup;
			children = (
				02A4AFCE2C2CCE87006DF492 /* CharacterImageDataLoader.swift */,
				02A4AFD02C2CCEDB006DF492 /* CharacterDataImageCache.swift */,
				02A4AFD22C2CCF5A006DF492 /* CharacterCache.swift */,
				029857AB2C7232C400E3B73D /* CharacterLoader.swift */,
				029857AD2C7232F100E3B73D /* ImageDataLoader.swift */,
			);
			path = Feature;
			sourceTree = "<group>";
		};
		02A4AFD42C2CCFA2006DF492 /* Infrastructure */ = {
			isa = PBXGroup;
			children = (
				02A4AFD82C2CD04E006DF492 /* CoreData */,
				02A4AFD52C2CD001006DF492 /* InMemory */,
			);
			path = Infrastructure;
			sourceTree = "<group>";
		};
		02A4AFD52C2CD001006DF492 /* InMemory */ = {
			isa = PBXGroup;
			children = (
				02A4AFD62C2CD023006DF492 /* InMemoryCharacterStore.swift */,
			);
			path = InMemory;
			sourceTree = "<group>";
		};
		02A4AFD82C2CD04E006DF492 /* CoreData */ = {
			isa = PBXGroup;
			children = (
				02A4AFD92C2CD207006DF492 /* CoreDataHelpers.swift */,
				02A4AFDB2C2CD23E006DF492 /* CoreDataCharacterStore.swift */,
				02A4AFDD2C2CD317006DF492 /* CoreDataCharacterStore+CharacterStore.swift */,
				0209FB7C2C34B96C00CFB794 /* CoreDataCharacterStore+CharacterImageDataStore.swift */,
				02A4AFE22C2CD4ED006DF492 /* ManagedCache.swift */,
				02A4AFE42C2CD6CA006DF492 /* ManagedCharacter.swift */,
				021BD9E82C336AC5001A0D06 /* ManagedThumbnail.swift */,
				021BD9E52C3368CB001A0D06 /* CharacterStore.xcdatamodeld */,
			);
			path = CoreData;
			sourceTree = "<group>";
		};
		02A589D42C24DD7400A71FDE /* Cache */ = {
			isa = PBXGroup;
			children = (
				02A4AFD42C2CCFA2006DF492 /* Infrastructure */,
				02A4AFC32C2CCC8B006DF492 /* Domain */,
				02A4AFC42C2CCCCB006DF492 /* CharacterStore.swift */,
				02A4AFC62C2CCD0E006DF492 /* CharacterCachePolicy.swift */,
				02A4AFC92C2CCD98006DF492 /* LocalCharacterImageDataLoader.swift */,
				02A4AFCB2C2CCDC5006DF492 /* CharacterImageDataStore.swift */,
				021BDA042C337AE9001A0D06 /* LocalCharacterLoader.swift */,
			);
			path = Cache;
			sourceTree = "<group>";
		};
		02BFD3E12C0536E300B9234B = {
			isa = PBXGroup;
			children = (
				029857B72C723D0300E3B73D /* TestsPlan */,
				02BFD3ED2C0536E300B9234B /* MarvelLoader */,
				02BFD3F72C0536E400B9234B /* MarvelLoaderTests */,
				02CEB7D72C67EEF000F91309 /* MarveliOSUiKit */,
				02CEB7E12C67EEF000F91309 /* MarveliOSUiKitTests */,
				02BFD3EC2C0536E300B9234B /* Products */,
				029857AF2C72346D00E3B73D /* Frameworks */,
			);
			sourceTree = "<group>";
		};
		02BFD3EC2C0536E300B9234B /* Products */ = {
			isa = PBXGroup;
			children = (
				02BFD3EB2C0536E300B9234B /* MarvelLoader.framework */,
				02BFD3F32C0536E400B9234B /* MarvelLoaderTests.xctest */,
				02CEB7D62C67EEF000F91309 /* MarveliOSUiKit.framework */,
				02CEB7DD2C67EEF000F91309 /* MarveliOSUiKitTests.xctest */,
			);
			name = Products;
			sourceTree = "<group>";
		};
		02BFD3ED2C0536E300B9234B /* MarvelLoader */ = {
			isa = PBXGroup;
			children = (
				02A4AFCD2C2CCE4C006DF492 /* Feature */,
				02BFD40D2C053E7F00B9234B /* Extensions */,
				02A589D42C24DD7400A71FDE /* Cache */,
				02BFD4082C053BBC00B9234B /* API */,
				02BFD4032C05378C00B9234B /* Network */,
				02BFD3EE2C0536E300B9234B /* MarvelLoader.h */,
			);
			path = MarvelLoader;
			sourceTree = "<group>";
		};
		02BFD3F72C0536E400B9234B /* MarvelLoaderTests */ = {
			isa = PBXGroup;
			children = (
				021BD9EA2C33703F001A0D06 /* Cache */,
				02A4AFC82C2CCD30006DF492 /* API */,
			);
			path = MarvelLoaderTests;
			sourceTree = "<group>";
		};
		02BFD4032C05378C00B9234B /* Network */ = {
			isa = PBXGroup;
			children = (
				02BFD4042C0537BB00B9234B /* HTTPClient.swift */,
				02BFD4062C053AE800B9234B /* HTTPClient+URLSessions.swift */,
				02BFD41B2C05458F00B9234B /* HTTPClient+Extension.swift */,
				02652F902C08E44100A8AB21 /* NetworkError.swift */,
			);
			path = Network;
			sourceTree = "<group>";
		};
		02BFD4082C053BBC00B9234B /* API */ = {
			isa = PBXGroup;
			children = (
				02652F822C08BC0200A8AB21 /* Logger */,
				02652F7B2C08B30900A8AB21 /* Endpoints */,
				02BFD41A2C05440300B9234B /* Credentials */,
				02BFD4092C053BD200B9234B /* Characters API */,
			);
			path = API;
			sourceTree = "<group>";
		};
		02BFD4092C053BD200B9234B /* Characters API */ = {
			isa = PBXGroup;
			children = (
				02652F892C08E19D00A8AB21 /* Response Model */,
				02BFD40A2C053C0600B9234B /* Domain Model */,
				02BFD4102C053F7C00B9234B /* CharactersMapper.swift */,
				02BFD4122C0541C800B9234B /* CharactersEndpoint.swift */,
				02BFD41D2C0546ED00B9234B /* RemoteCharacterLoader.swift */,
			);
			path = "Characters API";
			sourceTree = "<group>";
		};
		02BFD40A2C053C0600B9234B /* Domain Model */ = {
			isa = PBXGroup;
			children = (
				02BFD40B2C053C2600B9234B /* Character.swift */,
				02652F852C08C16E00A8AB21 /* Thumbnail.swift */,
			);
			path = "Domain Model";
			sourceTree = "<group>";
		};
		02BFD40D2C053E7F00B9234B /* Extensions */ = {
			isa = PBXGroup;
			children = (
				02BFD40E2C053E9300B9234B /* HTTPURLResponse+Extension.swift */,
				02BFD4162C05439600B9234B /* Int+Extension.swift */,
				02652F7E2C08B45200A8AB21 /* URLComponents+Extension.swift */,
				02652F802C08B95F00A8AB21 /* Data+Extension.swift */,
				02652F922C0903E600A8AB21 /* Publisher+Extension.swift */,
			);
			path = Extensions;
			sourceTree = "<group>";
		};
		02BFD41A2C05440300B9234B /* Credentials */ = {
			isa = PBXGroup;
			children = (
				02BFD4142C05437000B9234B /* Authorization.swift */,
				02BFD4182C0543BB00B9234B /* Encrypt.swift */,
			);
			path = Credentials;
			sourceTree = "<group>";
		};
		02BFD41F2C054B7300B9234B /* End2End */ = {
			isa = PBXGroup;
			children = (
				02BFD3F82C0536E400B9234B /* HTTPClientRemoteCharactersEnd2EndTests.swift */,
			);
			path = End2End;
			sourceTree = "<group>";
		};
		02BFD4202C054BA300B9234B /* Helpers */ = {
			isa = PBXGroup;
			children = (
				02652F772C07E2BA00A8AB21 /* JSONResponseCharacters.swift */,
				02BFD4212C054BB500B9234B /* XCTestCase+Extension.swift */,
				02BFD4232C055F0A00B9234B /* URLProtocolStub.swift */,
				02BFD4282C055F8900B9234B /* SharedHelpers.swift */,
				02BFD4302C05695800B9234B /* HTTPClientStub.swift */,
			);
			path = Helpers;
			sourceTree = "<group>";
		};
		02BFD4252C055F3C00B9234B /* URLSessions */ = {
			isa = PBXGroup;
			children = (
				02BFD4262C055F4F00B9234B /* URLSessionHTTPClientTests.swift */,
			);
			path = URLSessions;
			sourceTree = "<group>";
		};
		02BFD42A2C055FF800B9234B /* Mappers */ = {
			isa = PBXGroup;
			children = (
				02BFD42B2C05600800B9234B /* CharactersMapperTests.swift */,
			);
			path = Mappers;
			sourceTree = "<group>";
		};
		02BFD42D2C05631000B9234B /* Endpoints */ = {
			isa = PBXGroup;
			children = (
				02BFD42E2C05633D00B9234B /* CharactersEndpointTests.swift */,
			);
			path = Endpoints;
			sourceTree = "<group>";
		};
		02BFD4322C0569ED00B9234B /* RemoteLoaders */ = {
			isa = PBXGroup;
			children = (
				02BFD4332C056A0B00B9234B /* RemoteCharactersLoaderImplTests.swift */,
			);
			path = RemoteLoaders;
			sourceTree = "<group>";
		};
		02CEB7D72C67EEF000F91309 /* MarveliOSUiKit */ = {
			isa = PBXGroup;
			children = (
				02382E312C727772004D7B54 /* Strings */,
				02382E1D2C726317004D7B54 /* Views */,
				02382E1A2C7261BE004D7B54 /* ViewControllers */,
				02CEB7D82C67EEF000F91309 /* MarveliOSUiKit.h */,
			);
			path = MarveliOSUiKit;
			sourceTree = "<group>";
		};
		02CEB7E12C67EEF000F91309 /* MarveliOSUiKitTests */ = {
			isa = PBXGroup;
			children = (
				02382E112C724198004D7B54 /* Helpers */,
				02CEB7E22C67EEF000F91309 /* FeedViewControllerTests.swift */,
				02382E102C723EFE004D7B54 /* MarveliOSUiKit.xctestplan */,
			);
			path = MarveliOSUiKitTests;
			sourceTree = "<group>";
		};
/* End PBXGroup section */

/* Begin PBXHeadersBuildPhase section */
		02BFD3E62C0536E300B9234B /* Headers */ = {
			isa = PBXHeadersBuildPhase;
			buildActionMask = 2147483647;
			files = (
				02BFD3FA2C0536E400B9234B /* MarvelLoader.h in Headers */,
			);
			runOnlyForDeploymentPostprocessing = 0;
		};
		02CEB7D12C67EEF000F91309 /* Headers */ = {
			isa = PBXHeadersBuildPhase;
			buildActionMask = 2147483647;
			files = (
				02CEB7E42C67EEF000F91309 /* MarveliOSUiKit.h in Headers */,
			);
			runOnlyForDeploymentPostprocessing = 0;
		};
/* End PBXHeadersBuildPhase section */

/* Begin PBXNativeTarget section */
		02BFD3EA2C0536E300B9234B /* MarvelLoader */ = {
			isa = PBXNativeTarget;
			buildConfigurationList = 02BFD3FD2C0536E400B9234B /* Build configuration list for PBXNativeTarget "MarvelLoader" */;
			buildPhases = (
				02BFD3E62C0536E300B9234B /* Headers */,
				02BFD3E72C0536E300B9234B /* Sources */,
				02BFD3E82C0536E300B9234B /* Frameworks */,
				02BFD3E92C0536E300B9234B /* Resources */,
			);
			buildRules = (
			);
			dependencies = (
			);
			name = MarvelLoader;
			productName = MarvelLoader;
			productReference = 02BFD3EB2C0536E300B9234B /* MarvelLoader.framework */;
			productType = "com.apple.product-type.framework";
		};
		02BFD3F22C0536E400B9234B /* MarvelLoaderTests */ = {
			isa = PBXNativeTarget;
			buildConfigurationList = 02BFD4002C0536E400B9234B /* Build configuration list for PBXNativeTarget "MarvelLoaderTests" */;
			buildPhases = (
				02BFD3EF2C0536E400B9234B /* Sources */,
				02BFD3F02C0536E400B9234B /* Frameworks */,
				02BFD3F12C0536E400B9234B /* Resources */,
			);
			buildRules = (
			);
			dependencies = (
				02BFD3F62C0536E400B9234B /* PBXTargetDependency */,
			);
			name = MarvelLoaderTests;
			productName = MarvelLoaderTests;
			productReference = 02BFD3F32C0536E400B9234B /* MarvelLoaderTests.xctest */;
			productType = "com.apple.product-type.bundle.unit-test";
		};
		02CEB7D52C67EEF000F91309 /* MarveliOSUiKit */ = {
			isa = PBXNativeTarget;
			buildConfigurationList = 02CEB7E92C67EEF000F91309 /* Build configuration list for PBXNativeTarget "MarveliOSUiKit" */;
			buildPhases = (
				02CEB7D12C67EEF000F91309 /* Headers */,
				02CEB7D22C67EEF000F91309 /* Sources */,
				02CEB7D32C67EEF000F91309 /* Frameworks */,
				02CEB7D42C67EEF000F91309 /* Resources */,
				029857B42C72346D00E3B73D /* Embed Frameworks */,
			);
			buildRules = (
			);
			dependencies = (
				029857B32C72346D00E3B73D /* PBXTargetDependency */,
			);
			name = MarveliOSUiKit;
			productName = MarveliOSUiKit;
			productReference = 02CEB7D62C67EEF000F91309 /* MarveliOSUiKit.framework */;
			productType = "com.apple.product-type.framework";
		};
		02CEB7DC2C67EEF000F91309 /* MarveliOSUiKitTests */ = {
			isa = PBXNativeTarget;
			buildConfigurationList = 02CEB7EA2C67EEF000F91309 /* Build configuration list for PBXNativeTarget "MarveliOSUiKitTests" */;
			buildPhases = (
				02CEB7D92C67EEF000F91309 /* Sources */,
				02CEB7DA2C67EEF000F91309 /* Frameworks */,
				02CEB7DB2C67EEF000F91309 /* Resources */,
			);
			buildRules = (
			);
			dependencies = (
				02CEB7E02C67EEF000F91309 /* PBXTargetDependency */,
			);
			name = MarveliOSUiKitTests;
			productName = MarveliOSUiKitTests;
			productReference = 02CEB7DD2C67EEF000F91309 /* MarveliOSUiKitTests.xctest */;
			productType = "com.apple.product-type.bundle.unit-test";
		};
/* End PBXNativeTarget section */

/* Begin PBXProject section */
		02BFD3E22C0536E300B9234B /* Project object */ = {
			isa = PBXProject;
			attributes = {
				BuildIndependentTargetsInParallel = 1;
				LastSwiftUpdateCheck = 1520;
				LastUpgradeCheck = 1540;
				TargetAttributes = {
					02BFD3EA2C0536E300B9234B = {
						CreatedOnToolsVersion = 15.4;
						LastSwiftMigration = 1540;
					};
					02BFD3F22C0536E400B9234B = {
						CreatedOnToolsVersion = 15.4;
					};
					02CEB7D52C67EEF000F91309 = {
						CreatedOnToolsVersion = 15.2;
						LastSwiftMigration = 1520;
					};
					02CEB7DC2C67EEF000F91309 = {
						CreatedOnToolsVersion = 15.2;
					};
				};
			};
			buildConfigurationList = 02BFD3E52C0536E300B9234B /* Build configuration list for PBXProject "MarvelApp" */;
			compatibilityVersion = "Xcode 14.0";
			developmentRegion = "pt-BR";
			hasScannedForEncodings = 0;
			knownRegions = (
				en,
				Base,
				"pt-BR",
			);
			mainGroup = 02BFD3E12C0536E300B9234B;
			productRefGroup = 02BFD3EC2C0536E300B9234B /* Products */;
			projectDirPath = "";
			projectRoot = "";
			targets = (
				02BFD3EA2C0536E300B9234B /* MarvelLoader */,
				02BFD3F22C0536E400B9234B /* MarvelLoaderTests */,
				02CEB7D52C67EEF000F91309 /* MarveliOSUiKit */,
				02CEB7DC2C67EEF000F91309 /* MarveliOSUiKitTests */,
			);
		};
/* End PBXProject section */

/* Begin PBXResourcesBuildPhase section */
		02BFD3E92C0536E300B9234B /* Resources */ = {
			isa = PBXResourcesBuildPhase;
			buildActionMask = 2147483647;
			files = (
			);
			runOnlyForDeploymentPostprocessing = 0;
		};
		02BFD3F12C0536E400B9234B /* Resources */ = {
			isa = PBXResourcesBuildPhase;
			buildActionMask = 2147483647;
			files = (
			);
			runOnlyForDeploymentPostprocessing = 0;
		};
		02CEB7D42C67EEF000F91309 /* Resources */ = {
			isa = PBXResourcesBuildPhase;
			buildActionMask = 2147483647;
			files = (
				02382E362C7278F6004D7B54 /* Localizable.strings in Resources */,
			);
			runOnlyForDeploymentPostprocessing = 0;
		};
		02CEB7DB2C67EEF000F91309 /* Resources */ = {
			isa = PBXResourcesBuildPhase;
			buildActionMask = 2147483647;
			files = (
			);
			runOnlyForDeploymentPostprocessing = 0;
		};
/* End PBXResourcesBuildPhase section */

/* Begin PBXSourcesBuildPhase section */
		02BFD3E72C0536E300B9234B /* Sources */ = {
			isa = PBXSourcesBuildPhase;
			buildActionMask = 2147483647;
			files = (
				02BFD41C2C05458F00B9234B /* HTTPClient+Extension.swift in Sources */,
				02A4AFC52C2CCCCB006DF492 /* CharacterStore.swift in Sources */,
				02A4AFD32C2CCF5A006DF492 /* CharacterCache.swift in Sources */,
				02A4AFC22C2CCC38006DF492 /* LocalThumbnail.swift in Sources */,
				02652F812C08B95F00A8AB21 /* Data+Extension.swift in Sources */,
				02BFD4112C053F7C00B9234B /* CharactersMapper.swift in Sources */,
				0209FB7D2C34B96C00CFB794 /* CoreDataCharacterStore+CharacterImageDataStore.swift in Sources */,
				021BDA052C337AE9001A0D06 /* LocalCharacterLoader.swift in Sources */,
				02A4AFE32C2CD4ED006DF492 /* ManagedCache.swift in Sources */,
				02A4AFDC2C2CD23E006DF492 /* CoreDataCharacterStore.swift in Sources */,
				02A4AFDA2C2CD207006DF492 /* CoreDataHelpers.swift in Sources */,
				02BFD4172C05439600B9234B /* Int+Extension.swift in Sources */,
				02BFD40C2C053C2600B9234B /* Character.swift in Sources */,
				02BFD4192C0543BB00B9234B /* Encrypt.swift in Sources */,
				029857AC2C7232C400E3B73D /* CharacterLoader.swift in Sources */,
				02A4AFD12C2CCEDB006DF492 /* CharacterDataImageCache.swift in Sources */,
				02A4AFCC2C2CCDC5006DF492 /* CharacterImageDataStore.swift in Sources */,
				02652F7F2C08B45200A8AB21 /* URLComponents+Extension.swift in Sources */,
				029857AE2C7232F100E3B73D /* ImageDataLoader.swift in Sources */,
				02A4AFE52C2CD6CA006DF492 /* ManagedCharacter.swift in Sources */,
				02BFD4132C0541C800B9234B /* CharactersEndpoint.swift in Sources */,
				02652F8B2C08E1B800A8AB21 /* RootResponse.swift in Sources */,
				02A4AFC02C2CCC06006DF492 /* LocalCharacter.swift in Sources */,
				02652F912C08E44100A8AB21 /* NetworkError.swift in Sources */,
				02A4AFCF2C2CCE87006DF492 /* CharacterImageDataLoader.swift in Sources */,
				02652F8F2C08E21C00A8AB21 /* ThumbnailResponse.swift in Sources */,
				02BFD4052C0537BB00B9234B /* HTTPClient.swift in Sources */,
				02BFD4072C053AE800B9234B /* HTTPClient+URLSessions.swift in Sources */,
				02A4AFD72C2CD023006DF492 /* InMemoryCharacterStore.swift in Sources */,
				02652F842C08BC1000A8AB21 /* Logger.swift in Sources */,
				02A4AFC72C2CCD0E006DF492 /* CharacterCachePolicy.swift in Sources */,
				021BD9E72C3368CB001A0D06 /* CharacterStore.xcdatamodeld in Sources */,
				02BFD4152C05437000B9234B /* Authorization.swift in Sources */,
				02BFD41E2C0546ED00B9234B /* RemoteCharacterLoader.swift in Sources */,
				02652F932C0903E600A8AB21 /* Publisher+Extension.swift in Sources */,
				02A4AFDE2C2CD317006DF492 /* CoreDataCharacterStore+CharacterStore.swift in Sources */,
				021BD9E92C336AC5001A0D06 /* ManagedThumbnail.swift in Sources */,
				02652F8D2C08E1FD00A8AB21 /* CharacterResponse.swift in Sources */,
				02652F7D2C08B32100A8AB21 /* Endpoints.swift in Sources */,
				02652F862C08C16E00A8AB21 /* Thumbnail.swift in Sources */,
				02A4AFCA2C2CCD98006DF492 /* LocalCharacterImageDataLoader.swift in Sources */,
				02BFD40F2C053E9300B9234B /* HTTPURLResponse+Extension.swift in Sources */,
			);
			runOnlyForDeploymentPostprocessing = 0;
		};
		02BFD3EF2C0536E400B9234B /* Sources */ = {
			isa = PBXSourcesBuildPhase;
			buildActionMask = 2147483647;
			files = (
				021BD9F42C337443001A0D06 /* CharacterStoreSpecs.swift in Sources */,
				0209FB7B2C34B76000CFB794 /* CoreDataCharacterDataStoreTests.swift in Sources */,
				0209FB812C34C12E00CFB794 /* InMemoryCharacterImageDataStoreTests.swift in Sources */,
				021BD9EF2C3370DB001A0D06 /* CharacterImageDataStoreSpy.swift in Sources */,
				0209FB7F2C34C0D300CFB794 /* InMemoryCharacterStoreTests.swift in Sources */,
				0209FB842C34C3F400CFB794 /* CharacterCacheIntegrationTests.swift in Sources */,
				021BD9FC2C3378A7001A0D06 /* XCTestCase+FailableDeleteCharacterStoreSpecs.swift in Sources */,
				021BD9F62C3376D7001A0D06 /* XCTestCase+CharacterStoreSpecs.swift in Sources */,
				021BD9F12C337140001A0D06 /* CharacterCacheTestHelpers.swift in Sources */,
				02BFD3F92C0536E400B9234B /* HTTPClientRemoteCharactersEnd2EndTests.swift in Sources */,
				021BDA092C337D31001A0D06 /* ValidateCharacterCacheUseCaseTests.swift in Sources */,
				02BFD4242C055F0A00B9234B /* URLProtocolStub.swift in Sources */,
				02BFD4342C056A0B00B9234B /* RemoteCharactersLoaderImplTests.swift in Sources */,
				021BDA072C337C9C001A0D06 /* LoadCharacterFromCacheUseCaseTests.swift in Sources */,
				02BFD42C2C05600800B9234B /* CharactersMapperTests.swift in Sources */,
				02BFD42F2C05633D00B9234B /* CharactersEndpointTests.swift in Sources */,
				02BFD4312C05695800B9234B /* HTTPClientStub.swift in Sources */,
				021BD9FF2C337937001A0D06 /* CharacterImageDataStoreSpecs.swift in Sources */,
				02BFD4292C055F8900B9234B /* SharedHelpers.swift in Sources */,
				02BFD4272C055F4F00B9234B /* URLSessionHTTPClientTests.swift in Sources */,
				0209FB792C34B0B700CFB794 /* CoreDataCharacterStoreTests.swift in Sources */,
				021BD9ED2C337066001A0D06 /* CharacterStoreSpy.swift in Sources */,
				021BDA012C3379A1001A0D06 /* XCTestCase+CharacterImageDataStoreSpecs.swift in Sources */,
				021BDA0B2C337DC1001A0D06 /* LoadCharacterImageDataFromCacheUseCaseTests.swift in Sources */,
				02652F782C07E2BA00A8AB21 /* JSONResponseCharacters.swift in Sources */,
				02BFD4222C054BB500B9234B /* XCTestCase+Extension.swift in Sources */,
				021BD9FA2C337858001A0D06 /* XCTestCase+FailableInsertCharacterStoreSpecs.swift in Sources */,
				021BDA032C337A34001A0D06 /* CacheCharacterUseCaseTests.swift in Sources */,
				0209FB752C34ADA200CFB794 /* CacheCharacterDataUseCaseTests.swift in Sources */,
				021BD9F82C337812001A0D06 /* XCTestCase+FailableRetrieveCharacterStoreSpecs.swift in Sources */,
			);
			runOnlyForDeploymentPostprocessing = 0;
		};
		02CEB7D22C67EEF000F91309 /* Sources */ = {
			isa = PBXSourcesBuildPhase;
			buildActionMask = 2147483647;
			files = (
				02382E2E2C72759A004D7B54 /* UIImageView+Animations.swift in Sources */,
				02382E252C726F4C004D7B54 /* CharacterCellViewModel.swift in Sources */,
				02382E2F2C72759A004D7B54 /* UITableView+HeaderSizing.swift in Sources */,
				02382E2A2C72737C004D7B54 /* UITableView+Dequeing.swift in Sources */,
				02382E272C727316004D7B54 /* CharacterCellController.swift in Sources */,
				02382E3B2C727991004D7B54 /* FeedViewModel.swift in Sources */,
				02382E332C727782004D7B54 /* Localized.swift in Sources */,
				02382E232C7263B4004D7B54 /* CharacterCell.swift in Sources */,
				02382E302C72759A004D7B54 /* UIView+Shimmering.swift in Sources */,
				02382E1C2C7261DF004D7B54 /* FeedViewController.swift in Sources */,
				02382E202C726333004D7B54 /* ErrorView.swift in Sources */,
			);
			runOnlyForDeploymentPostprocessing = 0;
		};
		02CEB7D92C67EEF000F91309 /* Sources */ = {
			isa = PBXSourcesBuildPhase;
			buildActionMask = 2147483647;
			files = (
				02382E152C724A6D004D7B54 /* UIControl+TestsHelpers.swift in Sources */,
				02382E172C724A97004D7B54 /* UIRefreshControl+TestsHelpers.swift in Sources */,
				02382E192C724AD3004D7B54 /* FeedViewController+HelpersTests.swift in Sources */,
				02382E132C7241CC004D7B54 /* XCTests+Extensions.swift in Sources */,
				02382E3F2C7282BA004D7B54 /* UIButton+TestsHelpers.swift in Sources */,
				02382E3D2C728172004D7B54 /* Localizable.swift in Sources */,
				02CEB7E32C67EEF000F91309 /* FeedViewControllerTests.swift in Sources */,
			);
			runOnlyForDeploymentPostprocessing = 0;
		};
/* End PBXSourcesBuildPhase section */

/* Begin PBXTargetDependency section */
		029857B32C72346D00E3B73D /* PBXTargetDependency */ = {
			isa = PBXTargetDependency;
			target = 02BFD3EA2C0536E300B9234B /* MarvelLoader */;
			targetProxy = 029857B22C72346D00E3B73D /* PBXContainerItemProxy */;
		};
		02BFD3F62C0536E400B9234B /* PBXTargetDependency */ = {
			isa = PBXTargetDependency;
			target = 02BFD3EA2C0536E300B9234B /* MarvelLoader */;
			targetProxy = 02BFD3F52C0536E400B9234B /* PBXContainerItemProxy */;
		};
		02CEB7E02C67EEF000F91309 /* PBXTargetDependency */ = {
			isa = PBXTargetDependency;
			target = 02CEB7D52C67EEF000F91309 /* MarveliOSUiKit */;
			targetProxy = 02CEB7DF2C67EEF000F91309 /* PBXContainerItemProxy */;
		};
/* End PBXTargetDependency section */

/* Begin PBXVariantGroup section */
		02382E382C7278F7004D7B54 /* Localizable.strings */ = {
			isa = PBXVariantGroup;
			children = (
				02382E372C7278F7004D7B54 /* en */,
				02382E392C7278F9004D7B54 /* pt-BR */,
			);
			name = Localizable.strings;
			sourceTree = "<group>";
		};
/* End PBXVariantGroup section */

/* Begin XCBuildConfiguration section */
		02BFD3FB2C0536E400B9234B /* Debug */ = {
			isa = XCBuildConfiguration;
			buildSettings = {
				ALWAYS_SEARCH_USER_PATHS = NO;
				ASSETCATALOG_COMPILER_GENERATE_SWIFT_ASSET_SYMBOL_EXTENSIONS = YES;
				CLANG_ANALYZER_NONNULL = YES;
				CLANG_ANALYZER_NUMBER_OBJECT_CONVERSION = YES_AGGRESSIVE;
				CLANG_CXX_LANGUAGE_STANDARD = "gnu++20";
				CLANG_ENABLE_MODULES = YES;
				CLANG_ENABLE_OBJC_ARC = YES;
				CLANG_ENABLE_OBJC_WEAK = YES;
				CLANG_WARN_BLOCK_CAPTURE_AUTORELEASING = YES;
				CLANG_WARN_BOOL_CONVERSION = YES;
				CLANG_WARN_COMMA = YES;
				CLANG_WARN_CONSTANT_CONVERSION = YES;
				CLANG_WARN_DEPRECATED_OBJC_IMPLEMENTATIONS = YES;
				CLANG_WARN_DIRECT_OBJC_ISA_USAGE = YES_ERROR;
				CLANG_WARN_DOCUMENTATION_COMMENTS = YES;
				CLANG_WARN_EMPTY_BODY = YES;
				CLANG_WARN_ENUM_CONVERSION = YES;
				CLANG_WARN_INFINITE_RECURSION = YES;
				CLANG_WARN_INT_CONVERSION = YES;
				CLANG_WARN_NON_LITERAL_NULL_CONVERSION = YES;
				CLANG_WARN_OBJC_IMPLICIT_RETAIN_SELF = YES;
				CLANG_WARN_OBJC_LITERAL_CONVERSION = YES;
				CLANG_WARN_OBJC_ROOT_CLASS = YES_ERROR;
				CLANG_WARN_QUOTED_INCLUDE_IN_FRAMEWORK_HEADER = YES;
				CLANG_WARN_RANGE_LOOP_ANALYSIS = YES;
				CLANG_WARN_STRICT_PROTOTYPES = YES;
				CLANG_WARN_SUSPICIOUS_MOVE = YES;
				CLANG_WARN_UNGUARDED_AVAILABILITY = YES_AGGRESSIVE;
				CLANG_WARN_UNREACHABLE_CODE = YES;
				CLANG_WARN__DUPLICATE_METHOD_MATCH = YES;
				COPY_PHASE_STRIP = NO;
				CURRENT_PROJECT_VERSION = 1;
				DEBUG_INFORMATION_FORMAT = dwarf;
				ENABLE_STRICT_OBJC_MSGSEND = YES;
				ENABLE_TESTABILITY = YES;
				ENABLE_USER_SCRIPT_SANDBOXING = YES;
				GCC_C_LANGUAGE_STANDARD = gnu17;
				GCC_DYNAMIC_NO_PIC = NO;
				GCC_NO_COMMON_BLOCKS = YES;
				GCC_OPTIMIZATION_LEVEL = 0;
				GCC_PREPROCESSOR_DEFINITIONS = (
					"DEBUG=1",
					"$(inherited)",
				);
				GCC_WARN_64_TO_32_BIT_CONVERSION = YES;
				GCC_WARN_ABOUT_RETURN_TYPE = YES_ERROR;
				GCC_WARN_UNDECLARED_SELECTOR = YES;
				GCC_WARN_UNINITIALIZED_AUTOS = YES_AGGRESSIVE;
				GCC_WARN_UNUSED_FUNCTION = YES;
				GCC_WARN_UNUSED_VARIABLE = YES;
				LOCALIZATION_PREFERS_STRING_CATALOGS = NO;
				MACOSX_DEPLOYMENT_TARGET = 12.0;
				MTL_ENABLE_DEBUG_INFO = INCLUDE_SOURCE;
				MTL_FAST_MATH = YES;
				ONLY_ACTIVE_ARCH = YES;
				SDKROOT = macosx;
				SWIFT_ACTIVE_COMPILATION_CONDITIONS = "DEBUG $(inherited)";
				SWIFT_OPTIMIZATION_LEVEL = "-Onone";
				VERSIONING_SYSTEM = "apple-generic";
				VERSION_INFO_PREFIX = "";
			};
			name = Debug;
		};
		02BFD3FC2C0536E400B9234B /* Release */ = {
			isa = XCBuildConfiguration;
			buildSettings = {
				ALWAYS_SEARCH_USER_PATHS = NO;
				ASSETCATALOG_COMPILER_GENERATE_SWIFT_ASSET_SYMBOL_EXTENSIONS = YES;
				CLANG_ANALYZER_NONNULL = YES;
				CLANG_ANALYZER_NUMBER_OBJECT_CONVERSION = YES_AGGRESSIVE;
				CLANG_CXX_LANGUAGE_STANDARD = "gnu++20";
				CLANG_ENABLE_MODULES = YES;
				CLANG_ENABLE_OBJC_ARC = YES;
				CLANG_ENABLE_OBJC_WEAK = YES;
				CLANG_WARN_BLOCK_CAPTURE_AUTORELEASING = YES;
				CLANG_WARN_BOOL_CONVERSION = YES;
				CLANG_WARN_COMMA = YES;
				CLANG_WARN_CONSTANT_CONVERSION = YES;
				CLANG_WARN_DEPRECATED_OBJC_IMPLEMENTATIONS = YES;
				CLANG_WARN_DIRECT_OBJC_ISA_USAGE = YES_ERROR;
				CLANG_WARN_DOCUMENTATION_COMMENTS = YES;
				CLANG_WARN_EMPTY_BODY = YES;
				CLANG_WARN_ENUM_CONVERSION = YES;
				CLANG_WARN_INFINITE_RECURSION = YES;
				CLANG_WARN_INT_CONVERSION = YES;
				CLANG_WARN_NON_LITERAL_NULL_CONVERSION = YES;
				CLANG_WARN_OBJC_IMPLICIT_RETAIN_SELF = YES;
				CLANG_WARN_OBJC_LITERAL_CONVERSION = YES;
				CLANG_WARN_OBJC_ROOT_CLASS = YES_ERROR;
				CLANG_WARN_QUOTED_INCLUDE_IN_FRAMEWORK_HEADER = YES;
				CLANG_WARN_RANGE_LOOP_ANALYSIS = YES;
				CLANG_WARN_STRICT_PROTOTYPES = YES;
				CLANG_WARN_SUSPICIOUS_MOVE = YES;
				CLANG_WARN_UNGUARDED_AVAILABILITY = YES_AGGRESSIVE;
				CLANG_WARN_UNREACHABLE_CODE = YES;
				CLANG_WARN__DUPLICATE_METHOD_MATCH = YES;
				COPY_PHASE_STRIP = NO;
				CURRENT_PROJECT_VERSION = 1;
				DEBUG_INFORMATION_FORMAT = "dwarf-with-dsym";
				ENABLE_NS_ASSERTIONS = NO;
				ENABLE_STRICT_OBJC_MSGSEND = YES;
				ENABLE_USER_SCRIPT_SANDBOXING = YES;
				GCC_C_LANGUAGE_STANDARD = gnu17;
				GCC_NO_COMMON_BLOCKS = YES;
				GCC_WARN_64_TO_32_BIT_CONVERSION = YES;
				GCC_WARN_ABOUT_RETURN_TYPE = YES_ERROR;
				GCC_WARN_UNDECLARED_SELECTOR = YES;
				GCC_WARN_UNINITIALIZED_AUTOS = YES_AGGRESSIVE;
				GCC_WARN_UNUSED_FUNCTION = YES;
				GCC_WARN_UNUSED_VARIABLE = YES;
				LOCALIZATION_PREFERS_STRING_CATALOGS = NO;
				MACOSX_DEPLOYMENT_TARGET = 12.0;
				MTL_ENABLE_DEBUG_INFO = NO;
				MTL_FAST_MATH = YES;
				SDKROOT = macosx;
				SWIFT_COMPILATION_MODE = wholemodule;
				VERSIONING_SYSTEM = "apple-generic";
				VERSION_INFO_PREFIX = "";
			};
			name = Release;
		};
		02BFD3FE2C0536E400B9234B /* Debug */ = {
			isa = XCBuildConfiguration;
			buildSettings = {
				BUILD_LIBRARY_FOR_DISTRIBUTION = YES;
				CLANG_ENABLE_MODULES = YES;
				CODE_SIGN_STYLE = Automatic;
				COMBINE_HIDPI_IMAGES = YES;
				CURRENT_PROJECT_VERSION = 1;
				DEFINES_MODULE = YES;
				DYLIB_COMPATIBILITY_VERSION = 1;
				DYLIB_CURRENT_VERSION = 1;
				DYLIB_INSTALL_NAME_BASE = "@rpath";
				ENABLE_MODULE_VERIFIER = YES;
				GENERATE_INFOPLIST_FILE = YES;
				INFOPLIST_KEY_NSHumanReadableCopyright = "";
				INSTALL_PATH = "$(LOCAL_LIBRARY_DIR)/Frameworks";
				LD_RUNPATH_SEARCH_PATHS = (
					"$(inherited)",
					"@executable_path/../Frameworks",
					"@loader_path/Frameworks",
				);
				MACOSX_DEPLOYMENT_TARGET = 12.0;
				MARKETING_VERSION = 1.0;
				MODULE_VERIFIER_SUPPORTED_LANGUAGES = "objective-c objective-c++";
				MODULE_VERIFIER_SUPPORTED_LANGUAGE_STANDARDS = "gnu17 gnu++20";
				PRODUCT_BUNDLE_IDENTIFIER = com.felipesilva.MarvelLoader;
				PRODUCT_NAME = "$(TARGET_NAME:c99extidentifier)";
				SKIP_INSTALL = YES;
				SUPPORTED_PLATFORMS = "iphoneos iphonesimulator macosx";
				SUPPORTS_MACCATALYST = NO;
				SWIFT_EMIT_LOC_STRINGS = YES;
				SWIFT_INSTALL_OBJC_HEADER = NO;
				SWIFT_OPTIMIZATION_LEVEL = "-Onone";
				SWIFT_VERSION = 5.0;
				TARGETED_DEVICE_FAMILY = "1,2";
			};
			name = Debug;
		};
		02BFD3FF2C0536E400B9234B /* Release */ = {
			isa = XCBuildConfiguration;
			buildSettings = {
				BUILD_LIBRARY_FOR_DISTRIBUTION = YES;
				CLANG_ENABLE_MODULES = YES;
				CODE_SIGN_STYLE = Automatic;
				COMBINE_HIDPI_IMAGES = YES;
				CURRENT_PROJECT_VERSION = 1;
				DEFINES_MODULE = YES;
				DYLIB_COMPATIBILITY_VERSION = 1;
				DYLIB_CURRENT_VERSION = 1;
				DYLIB_INSTALL_NAME_BASE = "@rpath";
				ENABLE_MODULE_VERIFIER = YES;
				GENERATE_INFOPLIST_FILE = YES;
				INFOPLIST_KEY_NSHumanReadableCopyright = "";
				INSTALL_PATH = "$(LOCAL_LIBRARY_DIR)/Frameworks";
				LD_RUNPATH_SEARCH_PATHS = (
					"$(inherited)",
					"@executable_path/../Frameworks",
					"@loader_path/Frameworks",
				);
				MACOSX_DEPLOYMENT_TARGET = 12.0;
				MARKETING_VERSION = 1.0;
				MODULE_VERIFIER_SUPPORTED_LANGUAGES = "objective-c objective-c++";
				MODULE_VERIFIER_SUPPORTED_LANGUAGE_STANDARDS = "gnu17 gnu++20";
				PRODUCT_BUNDLE_IDENTIFIER = com.felipesilva.MarvelLoader;
				PRODUCT_NAME = "$(TARGET_NAME:c99extidentifier)";
				SKIP_INSTALL = YES;
				SUPPORTED_PLATFORMS = "iphoneos iphonesimulator macosx";
				SUPPORTS_MACCATALYST = NO;
				SWIFT_EMIT_LOC_STRINGS = YES;
				SWIFT_INSTALL_OBJC_HEADER = NO;
				SWIFT_VERSION = 5.0;
				TARGETED_DEVICE_FAMILY = "1,2";
			};
			name = Release;
		};
		02BFD4012C0536E400B9234B /* Debug */ = {
			isa = XCBuildConfiguration;
			buildSettings = {
				ALWAYS_EMBED_SWIFT_STANDARD_LIBRARIES = YES;
				CODE_SIGN_STYLE = Automatic;
				CURRENT_PROJECT_VERSION = 1;
				GENERATE_INFOPLIST_FILE = YES;
				MACOSX_DEPLOYMENT_TARGET = 13.0;
				MARKETING_VERSION = 1.0;
				PRODUCT_BUNDLE_IDENTIFIER = com.felipesilva.MarvelLoaderTests;
				PRODUCT_NAME = "$(TARGET_NAME)";
				SWIFT_EMIT_LOC_STRINGS = NO;
				SWIFT_VERSION = 5.0;
			};
			name = Debug;
		};
		02BFD4022C0536E400B9234B /* Release */ = {
			isa = XCBuildConfiguration;
			buildSettings = {
				ALWAYS_EMBED_SWIFT_STANDARD_LIBRARIES = YES;
				CODE_SIGN_STYLE = Automatic;
				CURRENT_PROJECT_VERSION = 1;
				GENERATE_INFOPLIST_FILE = YES;
				MACOSX_DEPLOYMENT_TARGET = 13.0;
				MARKETING_VERSION = 1.0;
				PRODUCT_BUNDLE_IDENTIFIER = com.felipesilva.MarvelLoaderTests;
				PRODUCT_NAME = "$(TARGET_NAME)";
				SWIFT_EMIT_LOC_STRINGS = NO;
				SWIFT_VERSION = 5.0;
			};
			name = Release;
		};
		02CEB7E52C67EEF000F91309 /* Debug */ = {
			isa = XCBuildConfiguration;
			buildSettings = {
				CLANG_ENABLE_MODULES = YES;
				CODE_SIGN_STYLE = Automatic;
				CURRENT_PROJECT_VERSION = 1;
				DEFINES_MODULE = YES;
				DYLIB_COMPATIBILITY_VERSION = 1;
				DYLIB_CURRENT_VERSION = 1;
				DYLIB_INSTALL_NAME_BASE = "@rpath";
				ENABLE_MODULE_VERIFIER = YES;
				GENERATE_INFOPLIST_FILE = YES;
				INFOPLIST_KEY_NSHumanReadableCopyright = "";
				INSTALL_PATH = "$(LOCAL_LIBRARY_DIR)/Frameworks";
				IPHONEOS_DEPLOYMENT_TARGET = 17.2;
				LD_RUNPATH_SEARCH_PATHS = (
					"$(inherited)",
					"@executable_path/Frameworks",
					"@loader_path/Frameworks",
				);
				MARKETING_VERSION = 1.0;
				MODULE_VERIFIER_SUPPORTED_LANGUAGES = "objective-c objective-c++";
				MODULE_VERIFIER_SUPPORTED_LANGUAGE_STANDARDS = "gnu17 gnu++20";
				PRODUCT_BUNDLE_IDENTIFIER = com.felipesilva.MarveliOSUiKit;
				PRODUCT_NAME = "$(TARGET_NAME:c99extidentifier)";
				SDKROOT = iphoneos;
				SKIP_INSTALL = YES;
				SUPPORTED_PLATFORMS = "iphoneos iphonesimulator";
				SUPPORTS_MACCATALYST = NO;
				SWIFT_EMIT_LOC_STRINGS = YES;
				SWIFT_OPTIMIZATION_LEVEL = "-Onone";
				SWIFT_VERSION = 5.0;
				TARGETED_DEVICE_FAMILY = "1,2";
			};
			name = Debug;
		};
		02CEB7E62C67EEF000F91309 /* Release */ = {
			isa = XCBuildConfiguration;
			buildSettings = {
				CLANG_ENABLE_MODULES = YES;
				CODE_SIGN_STYLE = Automatic;
				CURRENT_PROJECT_VERSION = 1;
				DEFINES_MODULE = YES;
				DYLIB_COMPATIBILITY_VERSION = 1;
				DYLIB_CURRENT_VERSION = 1;
				DYLIB_INSTALL_NAME_BASE = "@rpath";
				ENABLE_MODULE_VERIFIER = YES;
				GENERATE_INFOPLIST_FILE = YES;
				INFOPLIST_KEY_NSHumanReadableCopyright = "";
				INSTALL_PATH = "$(LOCAL_LIBRARY_DIR)/Frameworks";
				IPHONEOS_DEPLOYMENT_TARGET = 17.2;
				LD_RUNPATH_SEARCH_PATHS = (
					"$(inherited)",
					"@executable_path/Frameworks",
					"@loader_path/Frameworks",
				);
				MARKETING_VERSION = 1.0;
				MODULE_VERIFIER_SUPPORTED_LANGUAGES = "objective-c objective-c++";
				MODULE_VERIFIER_SUPPORTED_LANGUAGE_STANDARDS = "gnu17 gnu++20";
				PRODUCT_BUNDLE_IDENTIFIER = com.felipesilva.MarveliOSUiKit;
				PRODUCT_NAME = "$(TARGET_NAME:c99extidentifier)";
				SDKROOT = iphoneos;
				SKIP_INSTALL = YES;
				SUPPORTED_PLATFORMS = "iphoneos iphonesimulator";
				SUPPORTS_MACCATALYST = NO;
				SWIFT_EMIT_LOC_STRINGS = YES;
				SWIFT_VERSION = 5.0;
				TARGETED_DEVICE_FAMILY = "1,2";
				VALIDATE_PRODUCT = YES;
			};
			name = Release;
		};
		02CEB7E72C67EEF000F91309 /* Debug */ = {
			isa = XCBuildConfiguration;
			buildSettings = {
				ALWAYS_EMBED_SWIFT_STANDARD_LIBRARIES = YES;
				CODE_SIGN_STYLE = Automatic;
				CURRENT_PROJECT_VERSION = 1;
				GENERATE_INFOPLIST_FILE = YES;
				IPHONEOS_DEPLOYMENT_TARGET = 17.2;
				MARKETING_VERSION = 1.0;
				PRODUCT_BUNDLE_IDENTIFIER = com.felipesilva.MarveliOSUiKitTests;
				PRODUCT_NAME = "$(TARGET_NAME)";
				SDKROOT = iphoneos;
				SWIFT_EMIT_LOC_STRINGS = NO;
				SWIFT_VERSION = 5.0;
				TARGETED_DEVICE_FAMILY = "1,2";
			};
			name = Debug;
		};
		02CEB7E82C67EEF000F91309 /* Release */ = {
			isa = XCBuildConfiguration;
			buildSettings = {
				ALWAYS_EMBED_SWIFT_STANDARD_LIBRARIES = YES;
				CODE_SIGN_STYLE = Automatic;
				CURRENT_PROJECT_VERSION = 1;
				GENERATE_INFOPLIST_FILE = YES;
				IPHONEOS_DEPLOYMENT_TARGET = 17.2;
				MARKETING_VERSION = 1.0;
				PRODUCT_BUNDLE_IDENTIFIER = com.felipesilva.MarveliOSUiKitTests;
				PRODUCT_NAME = "$(TARGET_NAME)";
				SDKROOT = iphoneos;
				SWIFT_EMIT_LOC_STRINGS = NO;
				SWIFT_VERSION = 5.0;
				TARGETED_DEVICE_FAMILY = "1,2";
				VALIDATE_PRODUCT = YES;
			};
			name = Release;
		};
/* End XCBuildConfiguration section */

/* Begin XCConfigurationList section */
		02BFD3E52C0536E300B9234B /* Build configuration list for PBXProject "MarvelApp" */ = {
			isa = XCConfigurationList;
			buildConfigurations = (
				02BFD3FB2C0536E400B9234B /* Debug */,
				02BFD3FC2C0536E400B9234B /* Release */,
			);
			defaultConfigurationIsVisible = 0;
			defaultConfigurationName = Release;
		};
		02BFD3FD2C0536E400B9234B /* Build configuration list for PBXNativeTarget "MarvelLoader" */ = {
			isa = XCConfigurationList;
			buildConfigurations = (
				02BFD3FE2C0536E400B9234B /* Debug */,
				02BFD3FF2C0536E400B9234B /* Release */,
			);
			defaultConfigurationIsVisible = 0;
			defaultConfigurationName = Release;
		};
		02BFD4002C0536E400B9234B /* Build configuration list for PBXNativeTarget "MarvelLoaderTests" */ = {
			isa = XCConfigurationList;
			buildConfigurations = (
				02BFD4012C0536E400B9234B /* Debug */,
				02BFD4022C0536E400B9234B /* Release */,
			);
			defaultConfigurationIsVisible = 0;
			defaultConfigurationName = Release;
		};
		02CEB7E92C67EEF000F91309 /* Build configuration list for PBXNativeTarget "MarveliOSUiKit" */ = {
			isa = XCConfigurationList;
			buildConfigurations = (
				02CEB7E52C67EEF000F91309 /* Debug */,
				02CEB7E62C67EEF000F91309 /* Release */,
			);
			defaultConfigurationIsVisible = 0;
			defaultConfigurationName = Release;
		};
		02CEB7EA2C67EEF000F91309 /* Build configuration list for PBXNativeTarget "MarveliOSUiKitTests" */ = {
			isa = XCConfigurationList;
			buildConfigurations = (
				02CEB7E72C67EEF000F91309 /* Debug */,
				02CEB7E82C67EEF000F91309 /* Release */,
			);
			defaultConfigurationIsVisible = 0;
			defaultConfigurationName = Release;
		};
/* End XCConfigurationList section */

/* Begin XCVersionGroup section */
		021BD9E52C3368CB001A0D06 /* CharacterStore.xcdatamodeld */ = {
			isa = XCVersionGroup;
			children = (
				021BD9E62C3368CB001A0D06 /* CharacterStore.xcdatamodel */,
			);
			currentVersion = 021BD9E62C3368CB001A0D06 /* CharacterStore.xcdatamodel */;
			path = CharacterStore.xcdatamodeld;
			sourceTree = "<group>";
			versionGroupType = wrapper.xcdatamodel;
		};
/* End XCVersionGroup section */
	};
	rootObject = 02BFD3E22C0536E300B9234B /* Project object */;
}
