// !$*UTF8*$!
{
	archiveVersion = 1;
	classes = {
	};
	objectVersion = 77;
	objects = {

/* Begin PBXBuildFile section */
		020FCA0A2E6F787000609CE6 /* APIFeed.framework in Frameworks */ = {isa = PBXBuildFile; fileRef = 020FCA062E6F787000609CE6 /* APIFeed.framework */; };
		020FCA0B2E6F787000609CE6 /* APIFeed.framework in Embed Frameworks */ = {isa = PBXBuildFile; fileRef = 020FCA062E6F787000609CE6 /* APIFeed.framework */; settings = {ATTRIBUTES = (CodeSignOnCopy, RemoveHeadersOnCopy, ); }; };
		020FCA0C2E6F787000609CE6 /* CacheFeed.framework in Frameworks */ = {isa = PBXBuildFile; fileRef = 020FCA072E6F787000609CE6 /* CacheFeed.framework */; };
		020FCA0D2E6F787000609CE6 /* CacheFeed.framework in Embed Frameworks */ = {isa = PBXBuildFile; fileRef = 020FCA072E6F787000609CE6 /* CacheFeed.framework */; settings = {ATTRIBUTES = (CodeSignOnCopy, RemoveHeadersOnCopy, ); }; };
		020FCA0E2E6F787000609CE6 /* FeatureFeed.framework in Frameworks */ = {isa = PBXBuildFile; fileRef = 020FCA082E6F787000609CE6 /* FeatureFeed.framework */; };
		020FCA0F2E6F787000609CE6 /* FeatureFeed.framework in Embed Frameworks */ = {isa = PBXBuildFile; fileRef = 020FCA082E6F787000609CE6 /* FeatureFeed.framework */; settings = {ATTRIBUTES = (CodeSignOnCopy, RemoveHeadersOnCopy, ); }; };
		020FCA102E6F787000609CE6 /* MarveliOSUiKit.framework in Frameworks */ = {isa = PBXBuildFile; fileRef = 020FCA092E6F787000609CE6 /* MarveliOSUiKit.framework */; };
		020FCA112E6F787000609CE6 /* MarveliOSUiKit.framework in Embed Frameworks */ = {isa = PBXBuildFile; fileRef = 020FCA092E6F787000609CE6 /* MarveliOSUiKit.framework */; settings = {ATTRIBUTES = (CodeSignOnCopy, RemoveHeadersOnCopy, ); }; };
		02C046182E78BD6E002BE958 /* Assets.xcassets in Resources */ = {isa = PBXBuildFile; fileRef = 02C0460F2E78BD6E002BE958 /* Assets.xcassets */; };
		02C0461A2E78BD6E002BE958 /* LaunchScreen.storyboard in Resources */ = {isa = PBXBuildFile; fileRef = 02C046152E78BD6E002BE958 /* LaunchScreen.storyboard */; };
		02C0461B2E78BD6E002BE958 /* Combine+Helper.swift in Sources */ = {isa = PBXBuildFile; fileRef = 02C0460C2E78BD6E002BE958 /* Combine+Helper.swift */; };
		02C0461C2E78BD6E002BE958 /* AppDelegate.swift in Sources */ = {isa = PBXBuildFile; fileRef = 02C0460E2E78BD6E002BE958 /* AppDelegate.swift */; };
		02C0461D2E78BD6E002BE958 /* FeedUIComposer.swift in Sources */ = {isa = PBXBuildFile; fileRef = 02C046102E78BD6E002BE958 /* FeedUIComposer.swift */; };
		02C0461E2E78BD6E002BE958 /* FeedViewModelAdapter.swift in Sources */ = {isa = PBXBuildFile; fileRef = 02C046112E78BD6E002BE958 /* FeedViewModelAdapter.swift */; };
		02C0461F2E78BD6E002BE958 /* ImageViewModelAdapter.swift in Sources */ = {isa = PBXBuildFile; fileRef = 02C046122E78BD6E002BE958 /* ImageViewModelAdapter.swift */; };
		02C046202E78BD6E002BE958 /* SceneDelegate.swift in Sources */ = {isa = PBXBuildFile; fileRef = 02C046162E78BD6E002BE958 /* SceneDelegate.swift */; };
		02C046352E78BD73002BE958 /* CharacterCell+HelpersTests.swift in Sources */ = {isa = PBXBuildFile; fileRef = 02C046212E78BD73002BE958 /* CharacterCell+HelpersTests.swift */; };
		02C046362E78BD73002BE958 /* CharacterLoaderStub.swift in Sources */ = {isa = PBXBuildFile; fileRef = 02C046222E78BD73002BE958 /* CharacterLoaderStub.swift */; };
		02C046372E78BD73002BE958 /* FeedImageDataLoaderSpy.swift in Sources */ = {isa = PBXBuildFile; fileRef = 02C046232E78BD73002BE958 /* FeedImageDataLoaderSpy.swift */; };
		02C046382E78BD73002BE958 /* FeedImageDataLoaderTestCase.swift in Sources */ = {isa = PBXBuildFile; fileRef = 02C046242E78BD73002BE958 /* FeedImageDataLoaderTestCase.swift */; };
		02C046392E78BD73002BE958 /* FeedViewController+HelpersTests.swift in Sources */ = {isa = PBXBuildFile; fileRef = 02C046252E78BD73002BE958 /* FeedViewController+HelpersTests.swift */; };
		02C0463A2E78BD73002BE958 /* FeedViewControllerTests+HelpersTests.swift in Sources */ = {isa = PBXBuildFile; fileRef = 02C046262E78BD73002BE958 /* FeedViewControllerTests+HelpersTests.swift */; };
		02C0463B2E78BD73002BE958 /* HTTPClientStub.swift in Sources */ = {isa = PBXBuildFile; fileRef = 02C046272E78BD73002BE958 /* HTTPClientStub.swift */; };
		02C0463C2E78BD73002BE958 /* InMemoryCharacterStore.swift in Sources */ = {isa = PBXBuildFile; fileRef = 02C046282E78BD73002BE958 /* InMemoryCharacterStore.swift */; };
		02C0463D2E78BD73002BE958 /* Localizable.swift in Sources */ = {isa = PBXBuildFile; fileRef = 02C046292E78BD73002BE958 /* Localizable.swift */; };
		02C0463E2E78BD73002BE958 /* SharedHelpers.swift in Sources */ = {isa = PBXBuildFile; fileRef = 02C0462A2E78BD73002BE958 /* SharedHelpers.swift */; };
		02C0463F2E78BD73002BE958 /* UIButton+TestsHelpers.swift in Sources */ = {isa = PBXBuildFile; fileRef = 02C0462B2E78BD73002BE958 /* UIButton+TestsHelpers.swift */; };
		02C046402E78BD73002BE958 /* UIControl+TestsHelpers.swift in Sources */ = {isa = PBXBuildFile; fileRef = 02C0462C2E78BD73002BE958 /* UIControl+TestsHelpers.swift */; };
		02C046412E78BD73002BE958 /* UIImage+HelpersTests.swift in Sources */ = {isa = PBXBuildFile; fileRef = 02C0462D2E78BD73002BE958 /* UIImage+HelpersTests.swift */; };
		02C046422E78BD73002BE958 /* UIRefreshControl+TestsHelpers.swift in Sources */ = {isa = PBXBuildFile; fileRef = 02C0462E2E78BD73002BE958 /* UIRefreshControl+TestsHelpers.swift */; };
		02C046432E78BD73002BE958 /* XCTestCase+Extension.swift in Sources */ = {isa = PBXBuildFile; fileRef = 02C0462F2E78BD73002BE958 /* XCTestCase+Extension.swift */; };
		02C046442E78BD73002BE958 /* FeedAcceptanceCriteria.swift in Sources */ = {isa = PBXBuildFile; fileRef = 02C046312E78BD73002BE958 /* FeedAcceptanceCriteria.swift */; };
		02C046452E78BD73002BE958 /* FeedViewControllerTests.swift in Sources */ = {isa = PBXBuildFile; fileRef = 02C046322E78BD73002BE958 /* FeedViewControllerTests.swift */; };
		02C046462E78BD73002BE958 /* SceneDelegateTests.swift in Sources */ = {isa = PBXBuildFile; fileRef = 02C046332E78BD73002BE958 /* SceneDelegateTests.swift */; };
		02C0465C2E78BF2C002BE958 /* MarvelTargetiOSUITests.swift in Sources */ = {isa = PBXBuildFile; fileRef = 02C046592E78BF2B002BE958 /* MarvelTargetiOSUITests.swift */; };
		02C0465D2E78BF2C002BE958 /* MarvelTargetiOSUITestsLaunchTests.swift in Sources */ = {isa = PBXBuildFile; fileRef = 02C0465A2E78BF2B002BE958 /* MarvelTargetiOSUITestsLaunchTests.swift */; };
/* End PBXBuildFile section */

/* Begin PBXContainerItemProxy section */
		020FC9D22E6F77BC00609CE6 /* PBXContainerItemProxy */ = {
			isa = PBXContainerItemProxy;
			containerPortal = 020FC9B32E6F77B800609CE6 /* Project object */;
			proxyType = 1;
			remoteGlobalIDString = 020FC9BA2E6F77B800609CE6;
			remoteInfo = MarvelTargetiOS;
		};
		020FC9DC2E6F77BC00609CE6 /* PBXContainerItemProxy */ = {
			isa = PBXContainerItemProxy;
			containerPortal = 020FC9B32E6F77B800609CE6 /* Project object */;
			proxyType = 1;
			remoteGlobalIDString = 020FC9BA2E6F77B800609CE6;
			remoteInfo = MarvelTargetiOS;
		};
/* End PBXContainerItemProxy section */

/* Begin PBXCopyFilesBuildPhase section */
		020FCA122E6F787000609CE6 /* Embed Frameworks */ = {
			isa = PBXCopyFilesBuildPhase;
			buildActionMask = 2147483647;
			dstPath = "";
			dstSubfolderSpec = 10;
			files = (
				020FCA112E6F787000609CE6 /* MarveliOSUiKit.framework in Embed Frameworks */,
				020FCA0B2E6F787000609CE6 /* APIFeed.framework in Embed Frameworks */,
				020FCA0F2E6F787000609CE6 /* FeatureFeed.framework in Embed Frameworks */,
				020FCA0D2E6F787000609CE6 /* CacheFeed.framework in Embed Frameworks */,
			);
			name = "Embed Frameworks";
			runOnlyForDeploymentPostprocessing = 0;
		};
/* End PBXCopyFilesBuildPhase section */

/* Begin PBXFileReference section */
		020FC9BB2E6F77B800609CE6 /* MarvelTargetiOS.app */ = {isa = PBXFileReference; explicitFileType = wrapper.application; includeInIndex = 0; path = MarvelTargetiOS.app; sourceTree = BUILT_PRODUCTS_DIR; };
		020FC9D12E6F77BC00609CE6 /* MarvelTargetiOSTests.xctest */ = {isa = PBXFileReference; explicitFileType = wrapper.cfbundle; includeInIndex = 0; path = MarvelTargetiOSTests.xctest; sourceTree = BUILT_PRODUCTS_DIR; };
		020FC9DB2E6F77BC00609CE6 /* MarvelTargetiOSUITests.xctest */ = {isa = PBXFileReference; explicitFileType = wrapper.cfbundle; includeInIndex = 0; path = MarvelTargetiOSUITests.xctest; sourceTree = BUILT_PRODUCTS_DIR; };
		020FCA062E6F787000609CE6 /* APIFeed.framework */ = {isa = PBXFileReference; explicitFileType = wrapper.framework; path = APIFeed.framework; sourceTree = BUILT_PRODUCTS_DIR; };
		020FCA072E6F787000609CE6 /* CacheFeed.framework */ = {isa = PBXFileReference; explicitFileType = wrapper.framework; path = CacheFeed.framework; sourceTree = BUILT_PRODUCTS_DIR; };
		020FCA082E6F787000609CE6 /* FeatureFeed.framework */ = {isa = PBXFileReference; explicitFileType = wrapper.framework; path = FeatureFeed.framework; sourceTree = BUILT_PRODUCTS_DIR; };
		020FCA092E6F787000609CE6 /* MarveliOSUiKit.framework */ = {isa = PBXFileReference; explicitFileType = wrapper.framework; path = MarveliOSUiKit.framework; sourceTree = BUILT_PRODUCTS_DIR; };
		02C0460C2E78BD6E002BE958 /* Combine+Helper.swift */ = {isa = PBXFileReference; lastKnownFileType = sourcecode.swift; path = "Combine+Helper.swift"; sourceTree = "<group>"; };
		02C0460E2E78BD6E002BE958 /* AppDelegate.swift */ = {isa = PBXFileReference; lastKnownFileType = sourcecode.swift; path = AppDelegate.swift; sourceTree = "<group>"; };
		02C0460F2E78BD6E002BE958 /* Assets.xcassets */ = {isa = PBXFileReference; lastKnownFileType = folder.assetcatalog; path = Assets.xcassets; sourceTree = "<group>"; };
		02C046102E78BD6E002BE958 /* FeedUIComposer.swift */ = {isa = PBXFileReference; lastKnownFileType = sourcecode.swift; path = FeedUIComposer.swift; sourceTree = "<group>"; };
		02C046112E78BD6E002BE958 /* FeedViewModelAdapter.swift */ = {isa = PBXFileReference; lastKnownFileType = sourcecode.swift; path = FeedViewModelAdapter.swift; sourceTree = "<group>"; };
		02C046122E78BD6E002BE958 /* ImageViewModelAdapter.swift */ = {isa = PBXFileReference; lastKnownFileType = sourcecode.swift; path = ImageViewModelAdapter.swift; sourceTree = "<group>"; };
		02C046132E78BD6E002BE958 /* Info.plist */ = {isa = PBXFileReference; lastKnownFileType = text.plist.xml; path = Info.plist; sourceTree = "<group>"; };
		02C046142E78BD6E002BE958 /* Base */ = {isa = PBXFileReference; lastKnownFileType = file.storyboard; name = Base; path = Base.lproj/LaunchScreen.storyboard; sourceTree = "<group>"; };
		02C046162E78BD6E002BE958 /* SceneDelegate.swift */ = {isa = PBXFileReference; lastKnownFileType = sourcecode.swift; path = SceneDelegate.swift; sourceTree = "<group>"; };
		02C046212E78BD73002BE958 /* CharacterCell+HelpersTests.swift */ = {isa = PBXFileReference; lastKnownFileType = sourcecode.swift; path = "CharacterCell+HelpersTests.swift"; sourceTree = "<group>"; };
		02C046222E78BD73002BE958 /* CharacterLoaderStub.swift */ = {isa = PBXFileReference; lastKnownFileType = sourcecode.swift; path = CharacterLoaderStub.swift; sourceTree = "<group>"; };
		02C046232E78BD73002BE958 /* FeedImageDataLoaderSpy.swift */ = {isa = PBXFileReference; lastKnownFileType = sourcecode.swift; path = FeedImageDataLoaderSpy.swift; sourceTree = "<group>"; };
		02C046242E78BD73002BE958 /* FeedImageDataLoaderTestCase.swift */ = {isa = PBXFileReference; lastKnownFileType = sourcecode.swift; path = FeedImageDataLoaderTestCase.swift; sourceTree = "<group>"; };
		02C046252E78BD73002BE958 /* FeedViewController+HelpersTests.swift */ = {isa = PBXFileReference; lastKnownFileType = sourcecode.swift; path = "FeedViewController+HelpersTests.swift"; sourceTree = "<group>"; };
		02C046262E78BD73002BE958 /* FeedViewControllerTests+HelpersTests.swift */ = {isa = PBXFileReference; lastKnownFileType = sourcecode.swift; path = "FeedViewControllerTests+HelpersTests.swift"; sourceTree = "<group>"; };
		02C046272E78BD73002BE958 /* HTTPClientStub.swift */ = {isa = PBXFileReference; lastKnownFileType = sourcecode.swift; path = HTTPClientStub.swift; sourceTree = "<group>"; };
		02C046282E78BD73002BE958 /* InMemoryCharacterStore.swift */ = {isa = PBXFileReference; lastKnownFileType = sourcecode.swift; path = InMemoryCharacterStore.swift; sourceTree = "<group>"; };
		02C046292E78BD73002BE958 /* Localizable.swift */ = {isa = PBXFileReference; lastKnownFileType = sourcecode.swift; path = Localizable.swift; sourceTree = "<group>"; };
		02C0462A2E78BD73002BE958 /* SharedHelpers.swift */ = {isa = PBXFileReference; lastKnownFileType = sourcecode.swift; path = SharedHelpers.swift; sourceTree = "<group>"; };
		02C0462B2E78BD73002BE958 /* UIButton+TestsHelpers.swift */ = {isa = PBXFileReference; lastKnownFileType = sourcecode.swift; path = "UIButton+TestsHelpers.swift"; sourceTree = "<group>"; };
		02C0462C2E78BD73002BE958 /* UIControl+TestsHelpers.swift */ = {isa = PBXFileReference; lastKnownFileType = sourcecode.swift; path = "UIControl+TestsHelpers.swift"; sourceTree = "<group>"; };
		02C0462D2E78BD73002BE958 /* UIImage+HelpersTests.swift */ = {isa = PBXFileReference; lastKnownFileType = sourcecode.swift; path = "UIImage+HelpersTests.swift"; sourceTree = "<group>"; };
		02C0462E2E78BD73002BE958 /* UIRefreshControl+TestsHelpers.swift */ = {isa = PBXFileReference; lastKnownFileType = sourcecode.swift; path = "UIRefreshControl+TestsHelpers.swift"; sourceTree = "<group>"; };
		02C0462F2E78BD73002BE958 /* XCTestCase+Extension.swift */ = {isa = PBXFileReference; lastKnownFileType = sourcecode.swift; path = "XCTestCase+Extension.swift"; sourceTree = "<group>"; };
		02C046312E78BD73002BE958 /* FeedAcceptanceCriteria.swift */ = {isa = PBXFileReference; lastKnownFileType = sourcecode.swift; path = FeedAcceptanceCriteria.swift; sourceTree = "<group>"; };
		02C046322E78BD73002BE958 /* FeedViewControllerTests.swift */ = {isa = PBXFileReference; lastKnownFileType = sourcecode.swift; path = FeedViewControllerTests.swift; sourceTree = "<group>"; };
		02C046332E78BD73002BE958 /* SceneDelegateTests.swift */ = {isa = PBXFileReference; lastKnownFileType = sourcecode.swift; path = SceneDelegateTests.swift; sourceTree = "<group>"; };
		02C046592E78BF2B002BE958 /* MarvelTargetiOSUITests.swift */ = {isa = PBXFileReference; lastKnownFileType = sourcecode.swift; path = MarvelTargetiOSUITests.swift; sourceTree = "<group>"; };
		02C0465A2E78BF2B002BE958 /* MarvelTargetiOSUITestsLaunchTests.swift */ = {isa = PBXFileReference; lastKnownFileType = sourcecode.swift; path = MarvelTargetiOSUITestsLaunchTests.swift; sourceTree = "<group>"; };
/* End PBXFileReference section */

/* Begin PBXFrameworksBuildPhase section */
		020FC9B82E6F77B800609CE6 /* Frameworks */ = {
			isa = PBXFrameworksBuildPhase;
			buildActionMask = 2147483647;
			files = (
				020FCA102E6F787000609CE6 /* MarveliOSUiKit.framework in Frameworks */,
				020FCA0A2E6F787000609CE6 /* APIFeed.framework in Frameworks */,
				020FCA0E2E6F787000609CE6 /* FeatureFeed.framework in Frameworks */,
				020FCA0C2E6F787000609CE6 /* CacheFeed.framework in Frameworks */,
			);
			runOnlyForDeploymentPostprocessing = 0;
		};
		020FC9CE2E6F77BC00609CE6 /* Frameworks */ = {
			isa = PBXFrameworksBuildPhase;
			buildActionMask = 2147483647;
			files = (
			);
			runOnlyForDeploymentPostprocessing = 0;
		};
		020FC9D82E6F77BC00609CE6 /* Frameworks */ = {
			isa = PBXFrameworksBuildPhase;
			buildActionMask = 2147483647;
			files = (
			);
			runOnlyForDeploymentPostprocessing = 0;
		};
/* End PBXFrameworksBuildPhase section */

/* Begin PBXGroup section */
		020FC9B22E6F77B800609CE6 = {
			isa = PBXGroup;
			children = (
				02C046172E78BD6E002BE958 /* MarvelTargetiOS */,
				02C046342E78BD73002BE958 /* MarvelTargetiOSTests */,
				02C0465B2E78BF2B002BE958 /* MarvelTargetiOSUITests */,
				020FCA052E6F787000609CE6 /* Frameworks */,
				020FC9BC2E6F77B800609CE6 /* Products */,
			);
			sourceTree = "<group>";
		};
		020FC9BC2E6F77B800609CE6 /* Products */ = {
			isa = PBXGroup;
			children = (
				020FC9BB2E6F77B800609CE6 /* MarvelTargetiOS.app */,
				020FC9D12E6F77BC00609CE6 /* MarvelTargetiOSTests.xctest */,
				020FC9DB2E6F77BC00609CE6 /* MarvelTargetiOSUITests.xctest */,
			);
			name = Products;
			sourceTree = "<group>";
		};
		020FCA052E6F787000609CE6 /* Frameworks */ = {
			isa = PBXGroup;
			children = (
				020FCA062E6F787000609CE6 /* APIFeed.framework */,
				020FCA072E6F787000609CE6 /* CacheFeed.framework */,
				020FCA082E6F787000609CE6 /* FeatureFeed.framework */,
				020FCA092E6F787000609CE6 /* MarveliOSUiKit.framework */,
			);
			name = Frameworks;
			sourceTree = "<group>";
		};
		02C0460D2E78BD6E002BE958 /* Helpers */ = {
			isa = PBXGroup;
			children = (
				02C0460C2E78BD6E002BE958 /* Combine+Helper.swift */,
			);
			path = Helpers;
			sourceTree = "<group>";
		};
		02C046172E78BD6E002BE958 /* MarvelTargetiOS */ = {
			isa = PBXGroup;
			children = (
				02C0460D2E78BD6E002BE958 /* Helpers */,
				02C0460E2E78BD6E002BE958 /* AppDelegate.swift */,
				02C0460F2E78BD6E002BE958 /* Assets.xcassets */,
				02C046102E78BD6E002BE958 /* FeedUIComposer.swift */,
				02C046112E78BD6E002BE958 /* FeedViewModelAdapter.swift */,
				02C046122E78BD6E002BE958 /* ImageViewModelAdapter.swift */,
				02C046132E78BD6E002BE958 /* Info.plist */,
				02C046152E78BD6E002BE958 /* LaunchScreen.storyboard */,
				02C046162E78BD6E002BE958 /* SceneDelegate.swift */,
			);
			path = MarvelTargetiOS;
			sourceTree = "<group>";
		};
		02C046302E78BD73002BE958 /* Helpers */ = {
			isa = PBXGroup;
			children = (
				02C046212E78BD73002BE958 /* CharacterCell+HelpersTests.swift */,
				02C046222E78BD73002BE958 /* CharacterLoaderStub.swift */,
				02C046232E78BD73002BE958 /* FeedImageDataLoaderSpy.swift */,
				02C046242E78BD73002BE958 /* FeedImageDataLoaderTestCase.swift */,
				02C046252E78BD73002BE958 /* FeedViewController+HelpersTests.swift */,
				02C046262E78BD73002BE958 /* FeedViewControllerTests+HelpersTests.swift */,
				02C046272E78BD73002BE958 /* HTTPClientStub.swift */,
				02C046282E78BD73002BE958 /* InMemoryCharacterStore.swift */,
				02C046292E78BD73002BE958 /* Localizable.swift */,
				02C0462A2E78BD73002BE958 /* SharedHelpers.swift */,
				02C0462B2E78BD73002BE958 /* UIButton+TestsHelpers.swift */,
				02C0462C2E78BD73002BE958 /* UIControl+TestsHelpers.swift */,
				02C0462D2E78BD73002BE958 /* UIImage+HelpersTests.swift */,
				02C0462E2E78BD73002BE958 /* UIRefreshControl+TestsHelpers.swift */,
				02C0462F2E78BD73002BE958 /* XCTestCase+Extension.swift */,
			);
			path = Helpers;
			sourceTree = "<group>";
		};
		02C046342E78BD73002BE958 /* MarvelTargetiOSTests */ = {
			isa = PBXGroup;
			children = (
				02C046302E78BD73002BE958 /* Helpers */,
				02C046312E78BD73002BE958 /* FeedAcceptanceCriteria.swift */,
				02C046322E78BD73002BE958 /* FeedViewControllerTests.swift */,
				02C046332E78BD73002BE958 /* SceneDelegateTests.swift */,
			);
			path = MarvelTargetiOSTests;
			sourceTree = "<group>";
		};
		02C0465B2E78BF2B002BE958 /* MarvelTargetiOSUITests */ = {
			isa = PBXGroup;
			children = (
				02C046592E78BF2B002BE958 /* MarvelTargetiOSUITests.swift */,
				02C0465A2E78BF2B002BE958 /* MarvelTargetiOSUITestsLaunchTests.swift */,
			);
			path = MarvelTargetiOSUITests;
			sourceTree = "<group>";
		};
/* End PBXGroup section */

/* Begin PBXNativeTarget section */
		020FC9BA2E6F77B800609CE6 /* MarvelTargetiOS */ = {
			isa = PBXNativeTarget;
			buildConfigurationList = 020FC9E42E6F77BC00609CE6 /* Build configuration list for PBXNativeTarget "MarvelTargetiOS" */;
			buildPhases = (
				020FC9B72E6F77B800609CE6 /* Sources */,
				020FC9B82E6F77B800609CE6 /* Frameworks */,
				020FC9B92E6F77B800609CE6 /* Resources */,
				020FCA122E6F787000609CE6 /* Embed Frameworks */,
			);
			buildRules = (
			);
			dependencies = (
			);
			name = MarvelTargetiOS;
			packageProductDependencies = (
			);
			productName = MarvelTargetiOS;
			productReference = 020FC9BB2E6F77B800609CE6 /* MarvelTargetiOS.app */;
			productType = "com.apple.product-type.application";
		};
		020FC9D02E6F77BC00609CE6 /* MarvelTargetiOSTests */ = {
			isa = PBXNativeTarget;
			buildConfigurationList = 020FC9E92E6F77BC00609CE6 /* Build configuration list for PBXNativeTarget "MarvelTargetiOSTests" */;
			buildPhases = (
				020FC9CD2E6F77BC00609CE6 /* Sources */,
				020FC9CE2E6F77BC00609CE6 /* Frameworks */,
				020FC9CF2E6F77BC00609CE6 /* Resources */,
			);
			buildRules = (
			);
			dependencies = (
				020FC9D32E6F77BC00609CE6 /* PBXTargetDependency */,
			);
			name = MarvelTargetiOSTests;
			packageProductDependencies = (
			);
			productName = MarvelTargetiOSTests;
			productReference = 020FC9D12E6F77BC00609CE6 /* MarvelTargetiOSTests.xctest */;
			productType = "com.apple.product-type.bundle.unit-test";
		};
		020FC9DA2E6F77BC00609CE6 /* MarvelTargetiOSUITests */ = {
			isa = PBXNativeTarget;
			buildConfigurationList = 020FC9EC2E6F77BC00609CE6 /* Build configuration list for PBXNativeTarget "MarvelTargetiOSUITests" */;
			buildPhases = (
				020FC9D72E6F77BC00609CE6 /* Sources */,
				020FC9D82E6F77BC00609CE6 /* Frameworks */,
				020FC9D92E6F77BC00609CE6 /* Resources */,
			);
			buildRules = (
			);
			dependencies = (
				020FC9DD2E6F77BC00609CE6 /* PBXTargetDependency */,
			);
			name = MarvelTargetiOSUITests;
			packageProductDependencies = (
			);
			productName = MarvelTargetiOSUITests;
			productReference = 020FC9DB2E6F77BC00609CE6 /* MarvelTargetiOSUITests.xctest */;
			productType = "com.apple.product-type.bundle.ui-testing";
		};
/* End PBXNativeTarget section */

/* Begin PBXProject section */
		020FC9B32E6F77B800609CE6 /* Project object */ = {
			isa = PBXProject;
			attributes = {
				BuildIndependentTargetsInParallel = 1;
				LastSwiftUpdateCheck = 1630;
				LastUpgradeCheck = 1630;
				TargetAttributes = {
					020FC9BA2E6F77B800609CE6 = {
						CreatedOnToolsVersion = 16.3;
					};
					020FC9D02E6F77BC00609CE6 = {
						CreatedOnToolsVersion = 16.3;
						TestTargetID = 020FC9BA2E6F77B800609CE6;
					};
					020FC9DA2E6F77BC00609CE6 = {
						CreatedOnToolsVersion = 16.3;
						TestTargetID = 020FC9BA2E6F77B800609CE6;
					};
				};
			};
			buildConfigurationList = 020FC9B62E6F77B800609CE6 /* Build configuration list for PBXProject "MarvelTargetiOS" */;
			developmentRegion = en;
			hasScannedForEncodings = 0;
			knownRegions = (
				en,
				Base,
			);
			mainGroup = 020FC9B22E6F77B800609CE6;
			minimizedProjectReferenceProxies = 1;
			preferredProjectObjectVersion = 77;
			productRefGroup = 020FC9BC2E6F77B800609CE6 /* Products */;
			projectDirPath = "";
			projectRoot = "";
			targets = (
				020FC9BA2E6F77B800609CE6 /* MarvelTargetiOS */,
				020FC9D02E6F77BC00609CE6 /* MarvelTargetiOSTests */,
				020FC9DA2E6F77BC00609CE6 /* MarvelTargetiOSUITests */,
			);
		};
/* End PBXProject section */

/* Begin PBXResourcesBuildPhase section */
		020FC9B92E6F77B800609CE6 /* Resources */ = {
			isa = PBXResourcesBuildPhase;
			buildActionMask = 2147483647;
			files = (
				02C046182E78BD6E002BE958 /* Assets.xcassets in Resources */,
				02C0461A2E78BD6E002BE958 /* LaunchScreen.storyboard in Resources */,
			);
			runOnlyForDeploymentPostprocessing = 0;
		};
		020FC9CF2E6F77BC00609CE6 /* Resources */ = {
			isa = PBXResourcesBuildPhase;
			buildActionMask = 2147483647;
			files = (
			);
			runOnlyForDeploymentPostprocessing = 0;
		};
		020FC9D92E6F77BC00609CE6 /* Resources */ = {
			isa = PBXResourcesBuildPhase;
			buildActionMask = 2147483647;
			files = (
			);
			runOnlyForDeploymentPostprocessing = 0;
		};
/* End PBXResourcesBuildPhase section */

/* Begin PBXSourcesBuildPhase section */
		020FC9B72E6F77B800609CE6 /* Sources */ = {
			isa = PBXSourcesBuildPhase;
			buildActionMask = 2147483647;
			files = (
				02C0461B2E78BD6E002BE958 /* Combine+Helper.swift in Sources */,
				02C0461C2E78BD6E002BE958 /* AppDelegate.swift in Sources */,
				02C0461D2E78BD6E002BE958 /* FeedUIComposer.swift in Sources */,
				02C0461E2E78BD6E002BE958 /* FeedViewModelAdapter.swift in Sources */,
				02C0461F2E78BD6E002BE958 /* ImageViewModelAdapter.swift in Sources */,
				02C046202E78BD6E002BE958 /* SceneDelegate.swift in Sources */,
			);
			runOnlyForDeploymentPostprocessing = 0;
		};
		020FC9CD2E6F77BC00609CE6 /* Sources */ = {
			isa = PBXSourcesBuildPhase;
			buildActionMask = 2147483647;
			files = (
				02C046352E78BD73002BE958 /* CharacterCell+HelpersTests.swift in Sources */,
				02C046362E78BD73002BE958 /* CharacterLoaderStub.swift in Sources */,
				02C046372E78BD73002BE958 /* FeedImageDataLoaderSpy.swift in Sources */,
				02C046382E78BD73002BE958 /* FeedImageDataLoaderTestCase.swift in Sources */,
				02C046392E78BD73002BE958 /* FeedViewController+HelpersTests.swift in Sources */,
				02C0463A2E78BD73002BE958 /* FeedViewControllerTests+HelpersTests.swift in Sources */,
				02C0463B2E78BD73002BE958 /* HTTPClientStub.swift in Sources */,
				02C0463C2E78BD73002BE958 /* InMemoryCharacterStore.swift in Sources */,
				02C0463D2E78BD73002BE958 /* Localizable.swift in Sources */,
				02C0463E2E78BD73002BE958 /* SharedHelpers.swift in Sources */,
				02C0463F2E78BD73002BE958 /* UIButton+TestsHelpers.swift in Sources */,
				02C046402E78BD73002BE958 /* UIControl+TestsHelpers.swift in Sources */,
				02C046412E78BD73002BE958 /* UIImage+HelpersTests.swift in Sources */,
				02C046422E78BD73002BE958 /* UIRefreshControl+TestsHelpers.swift in Sources */,
				02C046432E78BD73002BE958 /* XCTestCase+Extension.swift in Sources */,
				02C046442E78BD73002BE958 /* FeedAcceptanceCriteria.swift in Sources */,
				02C046452E78BD73002BE958 /* FeedViewControllerTests.swift in Sources */,
				02C046462E78BD73002BE958 /* SceneDelegateTests.swift in Sources */,
			);
			runOnlyForDeploymentPostprocessing = 0;
		};
		020FC9D72E6F77BC00609CE6 /* Sources */ = {
			isa = PBXSourcesBuildPhase;
			buildActionMask = 2147483647;
			files = (
				02C0465C2E78BF2C002BE958 /* MarvelTargetiOSUITests.swift in Sources */,
				02C0465D2E78BF2C002BE958 /* MarvelTargetiOSUITestsLaunchTests.swift in Sources */,
			);
			runOnlyForDeploymentPostprocessing = 0;
		};
/* End PBXSourcesBuildPhase section */

/* Begin PBXTargetDependency section */
		020FC9D32E6F77BC00609CE6 /* PBXTargetDependency */ = {
			isa = PBXTargetDependency;
			target = 020FC9BA2E6F77B800609CE6 /* MarvelTargetiOS */;
			targetProxy = 020FC9D22E6F77BC00609CE6 /* PBXContainerItemProxy */;
		};
		020FC9DD2E6F77BC00609CE6 /* PBXTargetDependency */ = {
			isa = PBXTargetDependency;
			target = 020FC9BA2E6F77B800609CE6 /* MarvelTargetiOS */;
			targetProxy = 020FC9DC2E6F77BC00609CE6 /* PBXContainerItemProxy */;
		};
/* End PBXTargetDependency section */

/* Begin PBXVariantGroup section */
		02C046152E78BD6E002BE958 /* LaunchScreen.storyboard */ = {
			isa = PBXVariantGroup;
			children = (
				02C046142E78BD6E002BE958 /* Base */,
			);
			name = LaunchScreen.storyboard;
			sourceTree = "<group>";
		};
/* End PBXVariantGroup section */

/* Begin XCBuildConfiguration section */
		020FC9E52E6F77BC00609CE6 /* Debug */ = {
			isa = XCBuildConfiguration;
			buildSettings = {
				ASSETCATALOG_COMPILER_APPICON_NAME = AppIcon;
				ASSETCATALOG_COMPILER_GLOBAL_ACCENT_COLOR_NAME = AccentColor;
				CODE_SIGN_STYLE = Automatic;
				CURRENT_PROJECT_VERSION = 1;
				GENERATE_INFOPLIST_FILE = YES;
				INFOPLIST_FILE = MarvelTargetiOS/Info.plist;
				INFOPLIST_KEY_UIApplicationSupportsIndirectInputEvents = YES;
				INFOPLIST_KEY_UILaunchStoryboardName = LaunchScreen;
				INFOPLIST_KEY_UISupportedInterfaceOrientations = UIInterfaceOrientationPortrait;
				LD_RUNPATH_SEARCH_PATHS = (
					"$(inherited)",
					"@executable_path/Frameworks",
				);
				MARKETING_VERSION = 1.0;
				PRODUCT_BUNDLE_IDENTIFIER = com.felipesilva.MarvelTargetiOS;
				PRODUCT_NAME = "$(TARGET_NAME)";
				SWIFT_EMIT_LOC_STRINGS = YES;
				SWIFT_VERSION = 5.0;
				TARGETED_DEVICE_FAMILY = "1,2";
			};
			name = Debug;
		};
		020FC9E62E6F77BC00609CE6 /* Release */ = {
			isa = XCBuildConfiguration;
			buildSettings = {
				ASSETCATALOG_COMPILER_APPICON_NAME = AppIcon;
				ASSETCATALOG_COMPILER_GLOBAL_ACCENT_COLOR_NAME = AccentColor;
				CODE_SIGN_STYLE = Automatic;
				CURRENT_PROJECT_VERSION = 1;
				GENERATE_INFOPLIST_FILE = YES;
				INFOPLIST_FILE = MarvelTargetiOS/Info.plist;
				INFOPLIST_KEY_UIApplicationSupportsIndirectInputEvents = YES;
				INFOPLIST_KEY_UILaunchStoryboardName = LaunchScreen;
				INFOPLIST_KEY_UISupportedInterfaceOrientations = UIInterfaceOrientationPortrait;
				LD_RUNPATH_SEARCH_PATHS = (
					"$(inherited)",
					"@executable_path/Frameworks",
				);
				MARKETING_VERSION = 1.0;
				PRODUCT_BUNDLE_IDENTIFIER = com.felipesilva.MarvelTargetiOS;
				PRODUCT_NAME = "$(TARGET_NAME)";
				SWIFT_EMIT_LOC_STRINGS = YES;
				SWIFT_VERSION = 5.0;
				TARGETED_DEVICE_FAMILY = "1,2";
			};
			name = Release;
		};
		020FC9E72E6F77BC00609CE6 /* Debug */ = {
			isa = XCBuildConfiguration;
			buildSettings = {
				ALWAYS_SEARCH_USER_PATHS = NO;
				ASSETCATALOG_COMPILER_GENERATE_SWIFT_ASSET_SYMBOL_EXTENSIONS = YES;
				CLANG_ANALYZER_NONNULL = YES;
				CLANG_ANALYZER_NUMBER_OBJECT_CONVERSION = YES_AGGRESSIVE;
				CLANG_CXX_LANGUAGE_STANDARD = "gnu++20";
				CLANG_ENABLE_MODULES = YES;
				CLANG_ENABLE_OBJC_ARC = YES;
				CLANG_ENABLE_OBJC_WEAK = YES;
				CLANG_WARN_BLOCK_CAPTURE_AUTORELEASING = YES;
				CLANG_WARN_BOOL_CONVERSION = YES;
				CLANG_WARN_COMMA = YES;
				CLANG_WARN_CONSTANT_CONVERSION = YES;
				CLANG_WARN_DEPRECATED_OBJC_IMPLEMENTATIONS = YES;
				CLANG_WARN_DIRECT_OBJC_ISA_USAGE = YES_ERROR;
				CLANG_WARN_DOCUMENTATION_COMMENTS = YES;
				CLANG_WARN_EMPTY_BODY = YES;
				CLANG_WARN_ENUM_CONVERSION = YES;
				CLANG_WARN_INFINITE_RECURSION = YES;
				CLANG_WARN_INT_CONVERSION = YES;
				CLANG_WARN_NON_LITERAL_NULL_CONVERSION = YES;
				CLANG_WARN_OBJC_IMPLICIT_RETAIN_SELF = YES;
				CLANG_WARN_OBJC_LITERAL_CONVERSION = YES;
				CLANG_WARN_OBJC_ROOT_CLASS = YES_ERROR;
				CLANG_WARN_QUOTED_INCLUDE_IN_FRAMEWORK_HEADER = YES;
				CLANG_WARN_RANGE_LOOP_ANALYSIS = YES;
				CLANG_WARN_STRICT_PROTOTYPES = YES;
				CLANG_WARN_SUSPICIOUS_MOVE = YES;
				CLANG_WARN_UNGUARDED_AVAILABILITY = YES_AGGRESSIVE;
				CLANG_WARN_UNREACHABLE_CODE = YES;
				CLANG_WARN__DUPLICATE_METHOD_MATCH = YES;
				COPY_PHASE_STRIP = NO;
				DEBUG_INFORMATION_FORMAT = dwarf;
				ENABLE_STRICT_OBJC_MSGSEND = YES;
				ENABLE_TESTABILITY = YES;
				ENABLE_USER_SCRIPT_SANDBOXING = YES;
				GCC_C_LANGUAGE_STANDARD = gnu17;
				GCC_DYNAMIC_NO_PIC = NO;
				GCC_NO_COMMON_BLOCKS = YES;
				GCC_OPTIMIZATION_LEVEL = 0;
				GCC_PREPROCESSOR_DEFINITIONS = (
					"DEBUG=1",
					"$(inherited)",
				);
				GCC_WARN_64_TO_32_BIT_CONVERSION = YES;
				GCC_WARN_ABOUT_RETURN_TYPE = YES_ERROR;
				GCC_WARN_UNDECLARED_SELECTOR = YES;
				GCC_WARN_UNINITIALIZED_AUTOS = YES_AGGRESSIVE;
				GCC_WARN_UNUSED_FUNCTION = YES;
				GCC_WARN_UNUSED_VARIABLE = YES;
				IPHONEOS_DEPLOYMENT_TARGET = 18.4;
				LOCALIZATION_PREFERS_STRING_CATALOGS = YES;
				MTL_ENABLE_DEBUG_INFO = INCLUDE_SOURCE;
				MTL_FAST_MATH = YES;
				ONLY_ACTIVE_ARCH = YES;
				SDKROOT = iphoneos;
				SWIFT_ACTIVE_COMPILATION_CONDITIONS = "DEBUG $(inherited)";
				SWIFT_OPTIMIZATION_LEVEL = "-Onone";
			};
			name = Debug;
		};
		020FC9E82E6F77BC00609CE6 /* Release */ = {
			isa = XCBuildConfiguration;
			buildSettings = {
				ALWAYS_SEARCH_USER_PATHS = NO;
				ASSETCATALOG_COMPILER_GENERATE_SWIFT_ASSET_SYMBOL_EXTENSIONS = YES;
				CLANG_ANALYZER_NONNULL = YES;
				CLANG_ANALYZER_NUMBER_OBJECT_CONVERSION = YES_AGGRESSIVE;
				CLANG_CXX_LANGUAGE_STANDARD = "gnu++20";
				CLANG_ENABLE_MODULES = YES;
				CLANG_ENABLE_OBJC_ARC = YES;
				CLANG_ENABLE_OBJC_WEAK = YES;
				CLANG_WARN_BLOCK_CAPTURE_AUTORELEASING = YES;
				CLANG_WARN_BOOL_CONVERSION = YES;
				CLANG_WARN_COMMA = YES;
				CLANG_WARN_CONSTANT_CONVERSION = YES;
				CLANG_WARN_DEPRECATED_OBJC_IMPLEMENTATIONS = YES;
				CLANG_WARN_DIRECT_OBJC_ISA_USAGE = YES_ERROR;
				CLANG_WARN_DOCUMENTATION_COMMENTS = YES;
				CLANG_WARN_EMPTY_BODY = YES;
				CLANG_WARN_ENUM_CONVERSION = YES;
				CLANG_WARN_INFINITE_RECURSION = YES;
				CLANG_WARN_INT_CONVERSION = YES;
				CLANG_WARN_NON_LITERAL_NULL_CONVERSION = YES;
				CLANG_WARN_OBJC_IMPLICIT_RETAIN_SELF = YES;
				CLANG_WARN_OBJC_LITERAL_CONVERSION = YES;
				CLANG_WARN_OBJC_ROOT_CLASS = YES_ERROR;
				CLANG_WARN_QUOTED_INCLUDE_IN_FRAMEWORK_HEADER = YES;
				CLANG_WARN_RANGE_LOOP_ANALYSIS = YES;
				CLANG_WARN_STRICT_PROTOTYPES = YES;
				CLANG_WARN_SUSPICIOUS_MOVE = YES;
				CLANG_WARN_UNGUARDED_AVAILABILITY = YES_AGGRESSIVE;
				CLANG_WARN_UNREACHABLE_CODE = YES;
				CLANG_WARN__DUPLICATE_METHOD_MATCH = YES;
				COPY_PHASE_STRIP = NO;
				DEBUG_INFORMATION_FORMAT = "dwarf-with-dsym";
				ENABLE_NS_ASSERTIONS = NO;
				ENABLE_STRICT_OBJC_MSGSEND = YES;
				ENABLE_USER_SCRIPT_SANDBOXING = YES;
				GCC_C_LANGUAGE_STANDARD = gnu17;
				GCC_NO_COMMON_BLOCKS = YES;
				GCC_WARN_64_TO_32_BIT_CONVERSION = YES;
				GCC_WARN_ABOUT_RETURN_TYPE = YES_ERROR;
				GCC_WARN_UNDECLARED_SELECTOR = YES;
				GCC_WARN_UNINITIALIZED_AUTOS = YES_AGGRESSIVE;
				GCC_WARN_UNUSED_FUNCTION = YES;
				GCC_WARN_UNUSED_VARIABLE = YES;
				IPHONEOS_DEPLOYMENT_TARGET = 18.4;
				LOCALIZATION_PREFERS_STRING_CATALOGS = YES;
				MTL_ENABLE_DEBUG_INFO = NO;
				MTL_FAST_MATH = YES;
				SDKROOT = iphoneos;
				SWIFT_COMPILATION_MODE = wholemodule;
				VALIDATE_PRODUCT = YES;
			};
			name = Release;
		};
		020FC9EA2E6F77BC00609CE6 /* Debug */ = {
			isa = XCBuildConfiguration;
			buildSettings = {
				BUNDLE_LOADER = "$(TEST_HOST)";
				CODE_SIGN_STYLE = Automatic;
				CURRENT_PROJECT_VERSION = 1;
				GENERATE_INFOPLIST_FILE = YES;
				IPHONEOS_DEPLOYMENT_TARGET = 18.4;
				MARKETING_VERSION = 1.0;
				PRODUCT_BUNDLE_IDENTIFIER = com.felipesilva.MarvelTargetiOSTests;
				PRODUCT_NAME = "$(TARGET_NAME)";
				SWIFT_EMIT_LOC_STRINGS = NO;
				SWIFT_VERSION = 5.0;
				TARGETED_DEVICE_FAMILY = "1,2";
				TEST_HOST = "$(BUILT_PRODUCTS_DIR)/MarvelTargetiOS.app/$(BUNDLE_EXECUTABLE_FOLDER_PATH)/MarvelTargetiOS";
			};
			name = Debug;
		};
		020FC9EB2E6F77BC00609CE6 /* Release */ = {
			isa = XCBuildConfiguration;
			buildSettings = {
				BUNDLE_LOADER = "$(TEST_HOST)";
				CODE_SIGN_STYLE = Automatic;
				CURRENT_PROJECT_VERSION = 1;
				GENERATE_INFOPLIST_FILE = YES;
				IPHONEOS_DEPLOYMENT_TARGET = 18.4;
				MARKETING_VERSION = 1.0;
				PRODUCT_BUNDLE_IDENTIFIER = com.felipesilva.MarvelTargetiOSTests;
				PRODUCT_NAME = "$(TARGET_NAME)";
				SWIFT_EMIT_LOC_STRINGS = NO;
				SWIFT_VERSION = 5.0;
				TARGETED_DEVICE_FAMILY = "1,2";
				TEST_HOST = "$(BUILT_PRODUCTS_DIR)/MarvelTargetiOS.app/$(BUNDLE_EXECUTABLE_FOLDER_PATH)/MarvelTargetiOS";
			};
			name = Release;
		};
		020FC9ED2E6F77BC00609CE6 /* Debug */ = {
			isa = XCBuildConfiguration;
			buildSettings = {
				CODE_SIGN_STYLE = Automatic;
				CURRENT_PROJECT_VERSION = 1;
				GENERATE_INFOPLIST_FILE = YES;
				MARKETING_VERSION = 1.0;
				PRODUCT_BUNDLE_IDENTIFIER = com.felipesilva.MarvelTargetiOSUITests;
				PRODUCT_NAME = "$(TARGET_NAME)";
				SWIFT_EMIT_LOC_STRINGS = NO;
				SWIFT_VERSION = 5.0;
				TARGETED_DEVICE_FAMILY = "1,2";
				TEST_TARGET_NAME = MarvelTargetiOS;
			};
			name = Debug;
		};
		020FC9EE2E6F77BC00609CE6 /* Release */ = {
			isa = XCBuildConfiguration;
			buildSettings = {
				CODE_SIGN_STYLE = Automatic;
				CURRENT_PROJECT_VERSION = 1;
				GENERATE_INFOPLIST_FILE = YES;
				MARKETING_VERSION = 1.0;
				PRODUCT_BUNDLE_IDENTIFIER = com.felipesilva.MarvelTargetiOSUITests;
				PRODUCT_NAME = "$(TARGET_NAME)";
				SWIFT_EMIT_LOC_STRINGS = NO;
				SWIFT_VERSION = 5.0;
				TARGETED_DEVICE_FAMILY = "1,2";
				TEST_TARGET_NAME = MarvelTargetiOS;
			};
			name = Release;
		};
/* End XCBuildConfiguration section */

/* Begin XCConfigurationList section */
		020FC9B62E6F77B800609CE6 /* Build configuration list for PBXProject "MarvelTargetiOS" */ = {
			isa = XCConfigurationList;
			buildConfigurations = (
				020FC9E72E6F77BC00609CE6 /* Debug */,
				020FC9E82E6F77BC00609CE6 /* Release */,
			);
			defaultConfigurationIsVisible = 0;
			defaultConfigurationName = Release;
		};
		020FC9E42E6F77BC00609CE6 /* Build configuration list for PBXNativeTarget "MarvelTargetiOS" */ = {
			isa = XCConfigurationList;
			buildConfigurations = (
				020FC9E52E6F77BC00609CE6 /* Debug */,
				020FC9E62E6F77BC00609CE6 /* Release */,
			);
			defaultConfigurationIsVisible = 0;
			defaultConfigurationName = Release;
		};
		020FC9E92E6F77BC00609CE6 /* Build configuration list for PBXNativeTarget "MarvelTargetiOSTests" */ = {
			isa = XCConfigurationList;
			buildConfigurations = (
				020FC9EA2E6F77BC00609CE6 /* Debug */,
				020FC9EB2E6F77BC00609CE6 /* Release */,
			);
			defaultConfigurationIsVisible = 0;
			defaultConfigurationName = Release;
		};
		020FC9EC2E6F77BC00609CE6 /* Build configuration list for PBXNativeTarget "MarvelTargetiOSUITests" */ = {
			isa = XCConfigurationList;
			buildConfigurations = (
				020FC9ED2E6F77BC00609CE6 /* Debug */,
				020FC9EE2E6F77BC00609CE6 /* Release */,
			);
			defaultConfigurationIsVisible = 0;
			defaultConfigurationName = Release;
		};
/* End XCConfigurationList section */
	};
	rootObject = 020FC9B32E6F77B800609CE6 /* Project object */;
}
