// !$*UTF8*$!
{
	archiveVersion = 1;
	classes = {
	};
	objectVersion = 77;
	objects = {

/* Begin PBXBuildFile section */
		020FCA0A2E6F787000609CE6 /* APIFeed.framework in Frameworks */ = {isa = PBXBuildFile; fileRef = 020FCA062E6F787000609CE6 /* APIFeed.framework */; };
		020FCA0B2E6F787000609CE6 /* APIFeed.framework in Embed Frameworks */ = {isa = PBXBuildFile; fileRef = 020FCA062E6F787000609CE6 /* APIFeed.framework */; settings = {ATTRIBUTES = (CodeSignOnCopy, RemoveHeadersOnCopy, ); }; };
		020FCA0C2E6F787000609CE6 /* CacheFeed.framework in Frameworks */ = {isa = PBXBuildFile; fileRef = 020FCA072E6F787000609CE6 /* CacheFeed.framework */; };
		020FCA0D2E6F787000609CE6 /* CacheFeed.framework in Embed Frameworks */ = {isa = PBXBuildFile; fileRef = 020FCA072E6F787000609CE6 /* CacheFeed.framework */; settings = {ATTRIBUTES = (CodeSignOnCopy, RemoveHeadersOnCopy, ); }; };
		020FCA0E2E6F787000609CE6 /* FeatureFeed.framework in Frameworks */ = {isa = PBXBuildFile; fileRef = 020FCA082E6F787000609CE6 /* FeatureFeed.framework */; };
		020FCA0F2E6F787000609CE6 /* FeatureFeed.framework in Embed Frameworks */ = {isa = PBXBuildFile; fileRef = 020FCA082E6F787000609CE6 /* FeatureFeed.framework */; settings = {ATTRIBUTES = (CodeSignOnCopy, RemoveHeadersOnCopy, ); }; };
		020FCA102E6F787000609CE6 /* MarveliOSUiKit.framework in Frameworks */ = {isa = PBXBuildFile; fileRef = 020FCA092E6F787000609CE6 /* MarveliOSUiKit.framework */; };
		020FCA112E6F787000609CE6 /* MarveliOSUiKit.framework in Embed Frameworks */ = {isa = PBXBuildFile; fileRef = 020FCA092E6F787000609CE6 /* MarveliOSUiKit.framework */; settings = {ATTRIBUTES = (CodeSignOnCopy, RemoveHeadersOnCopy, ); }; };
/* End PBXBuildFile section */

/* Begin PBXContainerItemProxy section */
		020FC9D22E6F77BC00609CE6 /* PBXContainerItemProxy */ = {
			isa = PBXContainerItemProxy;
			containerPortal = 020FC9B32E6F77B800609CE6 /* Project object */;
			proxyType = 1;
			remoteGlobalIDString = 020FC9BA2E6F77B800609CE6;
			remoteInfo = MarvelTargetiOS;
		};
		020FC9DC2E6F77BC00609CE6 /* PBXContainerItemProxy */ = {
			isa = PBXContainerItemProxy;
			containerPortal = 020FC9B32E6F77B800609CE6 /* Project object */;
			proxyType = 1;
			remoteGlobalIDString = 020FC9BA2E6F77B800609CE6;
			remoteInfo = MarvelTargetiOS;
		};
/* End PBXContainerItemProxy section */

/* Begin PBXCopyFilesBuildPhase section */
		020FCA122E6F787000609CE6 /* Embed Frameworks */ = {
			isa = PBXCopyFilesBuildPhase;
			buildActionMask = 2147483647;
			dstPath = "";
			dstSubfolderSpec = 10;
			files = (
				020FCA112E6F787000609CE6 /* MarveliOSUiKit.framework in Embed Frameworks */,
				020FCA0B2E6F787000609CE6 /* APIFeed.framework in Embed Frameworks */,
				020FCA0F2E6F787000609CE6 /* FeatureFeed.framework in Embed Frameworks */,
				020FCA0D2E6F787000609CE6 /* CacheFeed.framework in Embed Frameworks */,
			);
			name = "Embed Frameworks";
			runOnlyForDeploymentPostprocessing = 0;
		};
/* End PBXCopyFilesBuildPhase section */

/* Begin PBXFileReference section */
		020FC9BB2E6F77B800609CE6 /* MarvelTargetiOS.app */ = {isa = PBXFileReference; explicitFileType = wrapper.application; includeInIndex = 0; path = MarvelTargetiOS.app; sourceTree = BUILT_PRODUCTS_DIR; };
		020FC9D12E6F77BC00609CE6 /* MarvelTargetiOSTests.xctest */ = {isa = PBXFileReference; explicitFileType = wrapper.cfbundle; includeInIndex = 0; path = MarvelTargetiOSTests.xctest; sourceTree = BUILT_PRODUCTS_DIR; };
		020FC9DB2E6F77BC00609CE6 /* MarvelTargetiOSUITests.xctest */ = {isa = PBXFileReference; explicitFileType = wrapper.cfbundle; includeInIndex = 0; path = MarvelTargetiOSUITests.xctest; sourceTree = BUILT_PRODUCTS_DIR; };
		020FCA062E6F787000609CE6 /* APIFeed.framework */ = {isa = PBXFileReference; explicitFileType = wrapper.framework; path = APIFeed.framework; sourceTree = BUILT_PRODUCTS_DIR; };
		020FCA072E6F787000609CE6 /* CacheFeed.framework */ = {isa = PBXFileReference; explicitFileType = wrapper.framework; path = CacheFeed.framework; sourceTree = BUILT_PRODUCTS_DIR; };
		020FCA082E6F787000609CE6 /* FeatureFeed.framework */ = {isa = PBXFileReference; explicitFileType = wrapper.framework; path = FeatureFeed.framework; sourceTree = BUILT_PRODUCTS_DIR; };
		020FCA092E6F787000609CE6 /* MarveliOSUiKit.framework */ = {isa = PBXFileReference; explicitFileType = wrapper.framework; path = MarveliOSUiKit.framework; sourceTree = BUILT_PRODUCTS_DIR; };
/* End PBXFileReference section */

/* Begin PBXFileSystemSynchronizedBuildFileExceptionSet section */
		020FC9E32E6F77BC00609CE6 /* Exceptions for "MarvelTargetiOS" folder in "MarvelTargetiOS" target */ = {
			isa = PBXFileSystemSynchronizedBuildFileExceptionSet;
			membershipExceptions = (
				Info.plist,
			);
			target = 020FC9BA2E6F77B800609CE6 /* MarvelTargetiOS */;
		};
/* End PBXFileSystemSynchronizedBuildFileExceptionSet section */

/* Begin PBXFileSystemSynchronizedRootGroup section */
		020FC9BD2E6F77B800609CE6 /* MarvelTargetiOS */ = {
			isa = PBXFileSystemSynchronizedRootGroup;
			exceptions = (
				020FC9E32E6F77BC00609CE6 /* Exceptions for "MarvelTargetiOS" folder in "MarvelTargetiOS" target */,
			);
			path = MarvelTargetiOS;
			sourceTree = "<group>";
		};
		020FC9D42E6F77BC00609CE6 /* MarvelTargetiOSTests */ = {
			isa = PBXFileSystemSynchronizedRootGroup;
			path = MarvelTargetiOSTests;
			sourceTree = "<group>";
		};
		020FC9DE2E6F77BC00609CE6 /* MarvelTargetiOSUITests */ = {
			isa = PBXFileSystemSynchronizedRootGroup;
			path = MarvelTargetiOSUITests;
			sourceTree = "<group>";
		};
/* End PBXFileSystemSynchronizedRootGroup section */

/* Begin PBXFrameworksBuildPhase section */
		020FC9B82E6F77B800609CE6 /* Frameworks */ = {
			isa = PBXFrameworksBuildPhase;
			buildActionMask = 2147483647;
			files = (
				020FCA102E6F787000609CE6 /* MarveliOSUiKit.framework in Frameworks */,
				020FCA0A2E6F787000609CE6 /* APIFeed.framework in Frameworks */,
				020FCA0E2E6F787000609CE6 /* FeatureFeed.framework in Frameworks */,
				020FCA0C2E6F787000609CE6 /* CacheFeed.framework in Frameworks */,
			);
			runOnlyForDeploymentPostprocessing = 0;
		};
		020FC9CE2E6F77BC00609CE6 /* Frameworks */ = {
			isa = PBXFrameworksBuildPhase;
			buildActionMask = 2147483647;
			files = (
			);
			runOnlyForDeploymentPostprocessing = 0;
		};
		020FC9D82E6F77BC00609CE6 /* Frameworks */ = {
			isa = PBXFrameworksBuildPhase;
			buildActionMask = 2147483647;
			files = (
			);
			runOnlyForDeploymentPostprocessing = 0;
		};
/* End PBXFrameworksBuildPhase section */

/* Begin PBXGroup section */
		020FC9B22E6F77B800609CE6 = {
			isa = PBXGroup;
			children = (
				020FC9BD2E6F77B800609CE6 /* MarvelTargetiOS */,
				020FC9D42E6F77BC00609CE6 /* MarvelTargetiOSTests */,
				020FC9DE2E6F77BC00609CE6 /* MarvelTargetiOSUITests */,
				020FCA052E6F787000609CE6 /* Frameworks */,
				020FC9BC2E6F77B800609CE6 /* Products */,
			);
			sourceTree = "<group>";
		};
		020FC9BC2E6F77B800609CE6 /* Products */ = {
			isa = PBXGroup;
			children = (
				020FC9BB2E6F77B800609CE6 /* MarvelTargetiOS.app */,
				020FC9D12E6F77BC00609CE6 /* MarvelTargetiOSTests.xctest */,
				020FC9DB2E6F77BC00609CE6 /* MarvelTargetiOSUITests.xctest */,
			);
			name = Products;
			sourceTree = "<group>";
		};
		020FCA052E6F787000609CE6 /* Frameworks */ = {
			isa = PBXGroup;
			children = (
				020FCA062E6F787000609CE6 /* APIFeed.framework */,
				020FCA072E6F787000609CE6 /* CacheFeed.framework */,
				020FCA082E6F787000609CE6 /* FeatureFeed.framework */,
				020FCA092E6F787000609CE6 /* MarveliOSUiKit.framework */,
			);
			name = Frameworks;
			sourceTree = "<group>";
		};
/* End PBXGroup section */

/* Begin PBXNativeTarget section */
		020FC9BA2E6F77B800609CE6 /* MarvelTargetiOS */ = {
			isa = PBXNativeTarget;
			buildConfigurationList = 020FC9E42E6F77BC00609CE6 /* Build configuration list for PBXNativeTarget "MarvelTargetiOS" */;
			buildPhases = (
				020FC9B72E6F77B800609CE6 /* Sources */,
				020FC9B82E6F77B800609CE6 /* Frameworks */,
				020FC9B92E6F77B800609CE6 /* Resources */,
				020FCA122E6F787000609CE6 /* Embed Frameworks */,
			);
			buildRules = (
			);
			dependencies = (
			);
			fileSystemSynchronizedGroups = (
				020FC9BD2E6F77B800609CE6 /* MarvelTargetiOS */,
			);
			name = MarvelTargetiOS;
			packageProductDependencies = (
			);
			productName = MarvelTargetiOS;
			productReference = 020FC9BB2E6F77B800609CE6 /* MarvelTargetiOS.app */;
			productType = "com.apple.product-type.application";
		};
		020FC9D02E6F77BC00609CE6 /* MarvelTargetiOSTests */ = {
			isa = PBXNativeTarget;
			buildConfigurationList = 020FC9E92E6F77BC00609CE6 /* Build configuration list for PBXNativeTarget "MarvelTargetiOSTests" */;
			buildPhases = (
				020FC9CD2E6F77BC00609CE6 /* Sources */,
				020FC9CE2E6F77BC00609CE6 /* Frameworks */,
				020FC9CF2E6F77BC00609CE6 /* Resources */,
			);
			buildRules = (
			);
			dependencies = (
				020FC9D32E6F77BC00609CE6 /* PBXTargetDependency */,
			);
			fileSystemSynchronizedGroups = (
				020FC9D42E6F77BC00609CE6 /* MarvelTargetiOSTests */,
			);
			name = MarvelTargetiOSTests;
			packageProductDependencies = (
			);
			productName = MarvelTargetiOSTests;
			productReference = 020FC9D12E6F77BC00609CE6 /* MarvelTargetiOSTests.xctest */;
			productType = "com.apple.product-type.bundle.unit-test";
		};
		020FC9DA2E6F77BC00609CE6 /* MarvelTargetiOSUITests */ = {
			isa = PBXNativeTarget;
			buildConfigurationList = 020FC9EC2E6F77BC00609CE6 /* Build configuration list for PBXNativeTarget "MarvelTargetiOSUITests" */;
			buildPhases = (
				020FC9D72E6F77BC00609CE6 /* Sources */,
				020FC9D82E6F77BC00609CE6 /* Frameworks */,
				020FC9D92E6F77BC00609CE6 /* Resources */,
			);
			buildRules = (
			);
			dependencies = (
				020FC9DD2E6F77BC00609CE6 /* PBXTargetDependency */,
			);
			fileSystemSynchronizedGroups = (
				020FC9DE2E6F77BC00609CE6 /* MarvelTargetiOSUITests */,
			);
			name = MarvelTargetiOSUITests;
			packageProductDependencies = (
			);
			productName = MarvelTargetiOSUITests;
			productReference = 020FC9DB2E6F77BC00609CE6 /* MarvelTargetiOSUITests.xctest */;
			productType = "com.apple.product-type.bundle.ui-testing";
		};
/* End PBXNativeTarget section */

/* Begin PBXProject section */
		020FC9B32E6F77B800609CE6 /* Project object */ = {
			isa = PBXProject;
			attributes = {
				BuildIndependentTargetsInParallel = 1;
				LastSwiftUpdateCheck = 1630;
				LastUpgradeCheck = 1630;
				TargetAttributes = {
					020FC9BA2E6F77B800609CE6 = {
						CreatedOnToolsVersion = 16.3;
					};
					020FC9D02E6F77BC00609CE6 = {
						CreatedOnToolsVersion = 16.3;
						TestTargetID = 020FC9BA2E6F77B800609CE6;
					};
					020FC9DA2E6F77BC00609CE6 = {
						CreatedOnToolsVersion = 16.3;
						TestTargetID = 020FC9BA2E6F77B800609CE6;
					};
				};
			};
			buildConfigurationList = 020FC9B62E6F77B800609CE6 /* Build configuration list for PBXProject "MarvelTargetiOS" */;
			developmentRegion = en;
			hasScannedForEncodings = 0;
			knownRegions = (
				en,
				Base,
			);
			mainGroup = 020FC9B22E6F77B800609CE6;
			minimizedProjectReferenceProxies = 1;
			preferredProjectObjectVersion = 77;
			productRefGroup = 020FC9BC2E6F77B800609CE6 /* Products */;
			projectDirPath = "";
			projectRoot = "";
			targets = (
				020FC9BA2E6F77B800609CE6 /* MarvelTargetiOS */,
				020FC9D02E6F77BC00609CE6 /* MarvelTargetiOSTests */,
				020FC9DA2E6F77BC00609CE6 /* MarvelTargetiOSUITests */,
			);
		};
/* End PBXProject section */

/* Begin PBXResourcesBuildPhase section */
		020FC9B92E6F77B800609CE6 /* Resources */ = {
			isa = PBXResourcesBuildPhase;
			buildActionMask = 2147483647;
			files = (
			);
			runOnlyForDeploymentPostprocessing = 0;
		};
		020FC9CF2E6F77BC00609CE6 /* Resources */ = {
			isa = PBXResourcesBuildPhase;
			buildActionMask = 2147483647;
			files = (
			);
			runOnlyForDeploymentPostprocessing = 0;
		};
		020FC9D92E6F77BC00609CE6 /* Resources */ = {
			isa = PBXResourcesBuildPhase;
			buildActionMask = 2147483647;
			files = (
			);
			runOnlyForDeploymentPostprocessing = 0;
		};
/* End PBXResourcesBuildPhase section */

/* Begin PBXSourcesBuildPhase section */
		020FC9B72E6F77B800609CE6 /* Sources */ = {
			isa = PBXSourcesBuildPhase;
			buildActionMask = 2147483647;
			files = (
			);
			runOnlyForDeploymentPostprocessing = 0;
		};
		020FC9CD2E6F77BC00609CE6 /* Sources */ = {
			isa = PBXSourcesBuildPhase;
			buildActionMask = 2147483647;
			files = (
			);
			runOnlyForDeploymentPostprocessing = 0;
		};
		020FC9D72E6F77BC00609CE6 /* Sources */ = {
			isa = PBXSourcesBuildPhase;
			buildActionMask = 2147483647;
			files = (
			);
			runOnlyForDeploymentPostprocessing = 0;
		};
/* End PBXSourcesBuildPhase section */

/* Begin PBXTargetDependency section */
		020FC9D32E6F77BC00609CE6 /* PBXTargetDependency */ = {
			isa = PBXTargetDependency;
			target = 020FC9BA2E6F77B800609CE6 /* MarvelTargetiOS */;
			targetProxy = 020FC9D22E6F77BC00609CE6 /* PBXContainerItemProxy */;
		};
		020FC9DD2E6F77BC00609CE6 /* PBXTargetDependency */ = {
			isa = PBXTargetDependency;
			target = 020FC9BA2E6F77B800609CE6 /* MarvelTargetiOS */;
			targetProxy = 020FC9DC2E6F77BC00609CE6 /* PBXContainerItemProxy */;
		};
/* End PBXTargetDependency section */

/* Begin XCBuildConfiguration section */
		020FC9E52E6F77BC00609CE6 /* Debug */ = {
			isa = XCBuildConfiguration;
			buildSettings = {
				ASSETCATALOG_COMPILER_APPICON_NAME = AppIcon;
				ASSETCATALOG_COMPILER_GLOBAL_ACCENT_COLOR_NAME = AccentColor;
				CODE_SIGN_STYLE = Automatic;
				CURRENT_PROJECT_VERSION = 1;
				GENERATE_INFOPLIST_FILE = YES;
				INFOPLIST_FILE = MarvelTargetiOS/Info.plist;
				INFOPLIST_KEY_UIApplicationSupportsIndirectInputEvents = YES;
				INFOPLIST_KEY_UILaunchStoryboardName = LaunchScreen;
				INFOPLIST_KEY_UISupportedInterfaceOrientations = UIInterfaceOrientationPortrait;
				LD_RUNPATH_SEARCH_PATHS = (
					"$(inherited)",
					"@executable_path/Frameworks",
				);
				MARKETING_VERSION = 1.0;
				PRODUCT_BUNDLE_IDENTIFIER = com.felipesilva.MarvelTargetiOS;
				PRODUCT_NAME = "$(TARGET_NAME)";
				SWIFT_EMIT_LOC_STRINGS = YES;
				SWIFT_VERSION = 5.0;
				TARGETED_DEVICE_FAMILY = "1,2";
			};
			name = Debug;
		};
		020FC9E62E6F77BC00609CE6 /* Release */ = {
			isa = XCBuildConfiguration;
			buildSettings = {
				ASSETCATALOG_COMPILER_APPICON_NAME = AppIcon;
				ASSETCATALOG_COMPILER_GLOBAL_ACCENT_COLOR_NAME = AccentColor;
				CODE_SIGN_STYLE = Automatic;
				CURRENT_PROJECT_VERSION = 1;
				GENERATE_INFOPLIST_FILE = YES;
				INFOPLIST_FILE = MarvelTargetiOS/Info.plist;
				INFOPLIST_KEY_UIApplicationSupportsIndirectInputEvents = YES;
				INFOPLIST_KEY_UILaunchStoryboardName = LaunchScreen;
				INFOPLIST_KEY_UISupportedInterfaceOrientations = UIInterfaceOrientationPortrait;
				LD_RUNPATH_SEARCH_PATHS = (
					"$(inherited)",
					"@executable_path/Frameworks",
				);
				MARKETING_VERSION = 1.0;
				PRODUCT_BUNDLE_IDENTIFIER = com.felipesilva.MarvelTargetiOS;
				PRODUCT_NAME = "$(TARGET_NAME)";
				SWIFT_EMIT_LOC_STRINGS = YES;
				SWIFT_VERSION = 5.0;
				TARGETED_DEVICE_FAMILY = "1,2";
			};
			name = Release;
		};
		020FC9E72E6F77BC00609CE6 /* Debug */ = {
			isa = XCBuildConfiguration;
			buildSettings = {
				ALWAYS_SEARCH_USER_PATHS = NO;
				ASSETCATALOG_COMPILER_GENERATE_SWIFT_ASSET_SYMBOL_EXTENSIONS = YES;
				CLANG_ANALYZER_NONNULL = YES;
				CLANG_ANALYZER_NUMBER_OBJECT_CONVERSION = YES_AGGRESSIVE;
				CLANG_CXX_LANGUAGE_STANDARD = "gnu++20";
				CLANG_ENABLE_MODULES = YES;
				CLANG_ENABLE_OBJC_ARC = YES;
				CLANG_ENABLE_OBJC_WEAK = YES;
				CLANG_WARN_BLOCK_CAPTURE_AUTORELEASING = YES;
				CLANG_WARN_BOOL_CONVERSION = YES;
				CLANG_WARN_COMMA = YES;
				CLANG_WARN_CONSTANT_CONVERSION = YES;
				CLANG_WARN_DEPRECATED_OBJC_IMPLEMENTATIONS = YES;
				CLANG_WARN_DIRECT_OBJC_ISA_USAGE = YES_ERROR;
				CLANG_WARN_DOCUMENTATION_COMMENTS = YES;
				CLANG_WARN_EMPTY_BODY = YES;
				CLANG_WARN_ENUM_CONVERSION = YES;
				CLANG_WARN_INFINITE_RECURSION = YES;
				CLANG_WARN_INT_CONVERSION = YES;
				CLANG_WARN_NON_LITERAL_NULL_CONVERSION = YES;
				CLANG_WARN_OBJC_IMPLICIT_RETAIN_SELF = YES;
				CLANG_WARN_OBJC_LITERAL_CONVERSION = YES;
				CLANG_WARN_OBJC_ROOT_CLASS = YES_ERROR;
				CLANG_WARN_QUOTED_INCLUDE_IN_FRAMEWORK_HEADER = YES;
				CLANG_WARN_RANGE_LOOP_ANALYSIS = YES;
				CLANG_WARN_STRICT_PROTOTYPES = YES;
				CLANG_WARN_SUSPICIOUS_MOVE = YES;
				CLANG_WARN_UNGUARDED_AVAILABILITY = YES_AGGRESSIVE;
				CLANG_WARN_UNREACHABLE_CODE = YES;
				CLANG_WARN__DUPLICATE_METHOD_MATCH = YES;
				COPY_PHASE_STRIP = NO;
				DEBUG_INFORMATION_FORMAT = dwarf;
				ENABLE_STRICT_OBJC_MSGSEND = YES;
				ENABLE_TESTABILITY = YES;
				ENABLE_USER_SCRIPT_SANDBOXING = YES;
				GCC_C_LANGUAGE_STANDARD = gnu17;
				GCC_DYNAMIC_NO_PIC = NO;
				GCC_NO_COMMON_BLOCKS = YES;
				GCC_OPTIMIZATION_LEVEL = 0;
				GCC_PREPROCESSOR_DEFINITIONS = (
					"DEBUG=1",
					"$(inherited)",
				);
				GCC_WARN_64_TO_32_BIT_CONVERSION = YES;
				GCC_WARN_ABOUT_RETURN_TYPE = YES_ERROR;
				GCC_WARN_UNDECLARED_SELECTOR = YES;
				GCC_WARN_UNINITIALIZED_AUTOS = YES_AGGRESSIVE;
				GCC_WARN_UNUSED_FUNCTION = YES;
				GCC_WARN_UNUSED_VARIABLE = YES;
				IPHONEOS_DEPLOYMENT_TARGET = 18.4;
				LOCALIZATION_PREFERS_STRING_CATALOGS = YES;
				MTL_ENABLE_DEBUG_INFO = INCLUDE_SOURCE;
				MTL_FAST_MATH = YES;
				ONLY_ACTIVE_ARCH = YES;
				SDKROOT = iphoneos;
				SWIFT_ACTIVE_COMPILATION_CONDITIONS = "DEBUG $(inherited)";
				SWIFT_OPTIMIZATION_LEVEL = "-Onone";
			};
			name = Debug;
		};
		020FC9E82E6F77BC00609CE6 /* Release */ = {
			isa = XCBuildConfiguration;
			buildSettings = {
				ALWAYS_SEARCH_USER_PATHS = NO;
				ASSETCATALOG_COMPILER_GENERATE_SWIFT_ASSET_SYMBOL_EXTENSIONS = YES;
				CLANG_ANALYZER_NONNULL = YES;
				CLANG_ANALYZER_NUMBER_OBJECT_CONVERSION = YES_AGGRESSIVE;
				CLANG_CXX_LANGUAGE_STANDARD = "gnu++20";
				CLANG_ENABLE_MODULES = YES;
				CLANG_ENABLE_OBJC_ARC = YES;
				CLANG_ENABLE_OBJC_WEAK = YES;
				CLANG_WARN_BLOCK_CAPTURE_AUTORELEASING = YES;
				CLANG_WARN_BOOL_CONVERSION = YES;
				CLANG_WARN_COMMA = YES;
				CLANG_WARN_CONSTANT_CONVERSION = YES;
				CLANG_WARN_DEPRECATED_OBJC_IMPLEMENTATIONS = YES;
				CLANG_WARN_DIRECT_OBJC_ISA_USAGE = YES_ERROR;
				CLANG_WARN_DOCUMENTATION_COMMENTS = YES;
				CLANG_WARN_EMPTY_BODY = YES;
				CLANG_WARN_ENUM_CONVERSION = YES;
				CLANG_WARN_INFINITE_RECURSION = YES;
				CLANG_WARN_INT_CONVERSION = YES;
				CLANG_WARN_NON_LITERAL_NULL_CONVERSION = YES;
				CLANG_WARN_OBJC_IMPLICIT_RETAIN_SELF = YES;
				CLANG_WARN_OBJC_LITERAL_CONVERSION = YES;
				CLANG_WARN_OBJC_ROOT_CLASS = YES_ERROR;
				CLANG_WARN_QUOTED_INCLUDE_IN_FRAMEWORK_HEADER = YES;
				CLANG_WARN_RANGE_LOOP_ANALYSIS = YES;
				CLANG_WARN_STRICT_PROTOTYPES = YES;
				CLANG_WARN_SUSPICIOUS_MOVE = YES;
				CLANG_WARN_UNGUARDED_AVAILABILITY = YES_AGGRESSIVE;
				CLANG_WARN_UNREACHABLE_CODE = YES;
				CLANG_WARN__DUPLICATE_METHOD_MATCH = YES;
				COPY_PHASE_STRIP = NO;
				DEBUG_INFORMATION_FORMAT = "dwarf-with-dsym";
				ENABLE_NS_ASSERTIONS = NO;
				ENABLE_STRICT_OBJC_MSGSEND = YES;
				ENABLE_USER_SCRIPT_SANDBOXING = YES;
				GCC_C_LANGUAGE_STANDARD = gnu17;
				GCC_NO_COMMON_BLOCKS = YES;
				GCC_WARN_64_TO_32_BIT_CONVERSION = YES;
				GCC_WARN_ABOUT_RETURN_TYPE = YES_ERROR;
				GCC_WARN_UNDECLARED_SELECTOR = YES;
				GCC_WARN_UNINITIALIZED_AUTOS = YES_AGGRESSIVE;
				GCC_WARN_UNUSED_FUNCTION = YES;
				GCC_WARN_UNUSED_VARIABLE = YES;
				IPHONEOS_DEPLOYMENT_TARGET = 18.4;
				LOCALIZATION_PREFERS_STRING_CATALOGS = YES;
				MTL_ENABLE_DEBUG_INFO = NO;
				MTL_FAST_MATH = YES;
				SDKROOT = iphoneos;
				SWIFT_COMPILATION_MODE = wholemodule;
				VALIDATE_PRODUCT = YES;
			};
			name = Release;
		};
		020FC9EA2E6F77BC00609CE6 /* Debug */ = {
			isa = XCBuildConfiguration;
			buildSettings = {
				BUNDLE_LOADER = "$(TEST_HOST)";
				CODE_SIGN_STYLE = Automatic;
				CURRENT_PROJECT_VERSION = 1;
				GENERATE_INFOPLIST_FILE = YES;
				IPHONEOS_DEPLOYMENT_TARGET = 18.4;
				MARKETING_VERSION = 1.0;
				PRODUCT_BUNDLE_IDENTIFIER = com.felipesilva.MarvelTargetiOSTests;
				PRODUCT_NAME = "$(TARGET_NAME)";
				SWIFT_EMIT_LOC_STRINGS = NO;
				SWIFT_VERSION = 5.0;
				TARGETED_DEVICE_FAMILY = "1,2";
				TEST_HOST = "$(BUILT_PRODUCTS_DIR)/MarvelTargetiOS.app/$(BUNDLE_EXECUTABLE_FOLDER_PATH)/MarvelTargetiOS";
			};
			name = Debug;
		};
		020FC9EB2E6F77BC00609CE6 /* Release */ = {
			isa = XCBuildConfiguration;
			buildSettings = {
				BUNDLE_LOADER = "$(TEST_HOST)";
				CODE_SIGN_STYLE = Automatic;
				CURRENT_PROJECT_VERSION = 1;
				GENERATE_INFOPLIST_FILE = YES;
				IPHONEOS_DEPLOYMENT_TARGET = 18.4;
				MARKETING_VERSION = 1.0;
				PRODUCT_BUNDLE_IDENTIFIER = com.felipesilva.MarvelTargetiOSTests;
				PRODUCT_NAME = "$(TARGET_NAME)";
				SWIFT_EMIT_LOC_STRINGS = NO;
				SWIFT_VERSION = 5.0;
				TARGETED_DEVICE_FAMILY = "1,2";
				TEST_HOST = "$(BUILT_PRODUCTS_DIR)/MarvelTargetiOS.app/$(BUNDLE_EXECUTABLE_FOLDER_PATH)/MarvelTargetiOS";
			};
			name = Release;
		};
		020FC9ED2E6F77BC00609CE6 /* Debug */ = {
			isa = XCBuildConfiguration;
			buildSettings = {
				CODE_SIGN_STYLE = Automatic;
				CURRENT_PROJECT_VERSION = 1;
				GENERATE_INFOPLIST_FILE = YES;
				MARKETING_VERSION = 1.0;
				PRODUCT_BUNDLE_IDENTIFIER = com.felipesilva.MarvelTargetiOSUITests;
				PRODUCT_NAME = "$(TARGET_NAME)";
				SWIFT_EMIT_LOC_STRINGS = NO;
				SWIFT_VERSION = 5.0;
				TARGETED_DEVICE_FAMILY = "1,2";
				TEST_TARGET_NAME = MarvelTargetiOS;
			};
			name = Debug;
		};
		020FC9EE2E6F77BC00609CE6 /* Release */ = {
			isa = XCBuildConfiguration;
			buildSettings = {
				CODE_SIGN_STYLE = Automatic;
				CURRENT_PROJECT_VERSION = 1;
				GENERATE_INFOPLIST_FILE = YES;
				MARKETING_VERSION = 1.0;
				PRODUCT_BUNDLE_IDENTIFIER = com.felipesilva.MarvelTargetiOSUITests;
				PRODUCT_NAME = "$(TARGET_NAME)";
				SWIFT_EMIT_LOC_STRINGS = NO;
				SWIFT_VERSION = 5.0;
				TARGETED_DEVICE_FAMILY = "1,2";
				TEST_TARGET_NAME = MarvelTargetiOS;
			};
			name = Release;
		};
/* End XCBuildConfiguration section */

/* Begin XCConfigurationList section */
		020FC9B62E6F77B800609CE6 /* Build configuration list for PBXProject "MarvelTargetiOS" */ = {
			isa = XCConfigurationList;
			buildConfigurations = (
				020FC9E72E6F77BC00609CE6 /* Debug */,
				020FC9E82E6F77BC00609CE6 /* Release */,
			);
			defaultConfigurationIsVisible = 0;
			defaultConfigurationName = Release;
		};
		020FC9E42E6F77BC00609CE6 /* Build configuration list for PBXNativeTarget "MarvelTargetiOS" */ = {
			isa = XCConfigurationList;
			buildConfigurations = (
				020FC9E52E6F77BC00609CE6 /* Debug */,
				020FC9E62E6F77BC00609CE6 /* Release */,
			);
			defaultConfigurationIsVisible = 0;
			defaultConfigurationName = Release;
		};
		020FC9E92E6F77BC00609CE6 /* Build configuration list for PBXNativeTarget "MarvelTargetiOSTests" */ = {
			isa = XCConfigurationList;
			buildConfigurations = (
				020FC9EA2E6F77BC00609CE6 /* Debug */,
				020FC9EB2E6F77BC00609CE6 /* Release */,
			);
			defaultConfigurationIsVisible = 0;
			defaultConfigurationName = Release;
		};
		020FC9EC2E6F77BC00609CE6 /* Build configuration list for PBXNativeTarget "MarvelTargetiOSUITests" */ = {
			isa = XCConfigurationList;
			buildConfigurations = (
				020FC9ED2E6F77BC00609CE6 /* Debug */,
				020FC9EE2E6F77BC00609CE6 /* Release */,
			);
			defaultConfigurationIsVisible = 0;
			defaultConfigurationName = Release;
		};
/* End XCConfigurationList section */
	};
	rootObject = 020FC9B32E6F77B800609CE6 /* Project object */;
}
